// !$*UTF8*$!
{
	archiveVersion = 1;
	classes = {
	};
	objectVersion = 50;
	objects = {

/* Begin PBXBuildFile section */
		5C07F0B3248E7E670022299E /* ExchangeRatesPatchClientTests.swift in Sources */ = {isa = PBXBuildFile; fileRef = 5C07F0B2248E7E670022299E /* ExchangeRatesPatchClientTests.swift */; };
		5C07F0B6248E7F390022299E /* ExchangeRatesPatchClient.swift in Sources */ = {isa = PBXBuildFile; fileRef = 5C07F0B5248E7F390022299E /* ExchangeRatesPatchClient.swift */; };
		5C07F0B9248E8B700022299E /* ExchangeRates.swift in Sources */ = {isa = PBXBuildFile; fileRef = 5C07F0B8248E8B700022299E /* ExchangeRates.swift */; };
		5C07F0BB248E8BA70022299E /* ExchangeRatesTests.swift in Sources */ = {isa = PBXBuildFile; fileRef = 5C07F0BA248E8BA70022299E /* ExchangeRatesTests.swift */; };
		5C07F0BD248E8C660022299E /* ExchangeRates.json in Resources */ = {isa = PBXBuildFile; fileRef = 5C07F0BC248E8C660022299E /* ExchangeRates.json */; };
		5C07F0C1248E8D0C0022299E /* DecodableTestCase.swift in Sources */ = {isa = PBXBuildFile; fileRef = 5C07F0C0248E8D0C0022299E /* DecodableTestCase.swift */; };
		5C07F0C4248E8D4C0022299E /* Data+JSONFile.swift in Sources */ = {isa = PBXBuildFile; fileRef = 5C07F0C3248E8D4C0022299E /* Data+JSONFile.swift */; };
		5C07F0C7248EA5500022299E /* XCTAssertEqualToAny.swift in Sources */ = {isa = PBXBuildFile; fileRef = 5C07F0C6248EA5500022299E /* XCTAssertEqualToAny.swift */; };
		5CB7E593248A1C9500E31A2B /* AppDelegate.swift in Sources */ = {isa = PBXBuildFile; fileRef = 5CB7E592248A1C9500E31A2B /* AppDelegate.swift */; };
		5CB7E59A248A1C9500E31A2B /* Main.storyboard in Resources */ = {isa = PBXBuildFile; fileRef = 5CB7E598248A1C9500E31A2B /* Main.storyboard */; };
		5CB7E59C248A1C9600E31A2B /* Assets.xcassets in Resources */ = {isa = PBXBuildFile; fileRef = 5CB7E59B248A1C9600E31A2B /* Assets.xcassets */; };
		5CB7E59F248A1C9600E31A2B /* LaunchScreen.storyboard in Resources */ = {isa = PBXBuildFile; fileRef = 5CB7E59D248A1C9600E31A2B /* LaunchScreen.storyboard */; };
		5CB7E5BE248A483100E31A2B /* ExchangeRatesViewController.swift in Sources */ = {isa = PBXBuildFile; fileRef = 5CB7E5BD248A483100E31A2B /* ExchangeRatesViewController.swift */; };
/* End PBXBuildFile section */

/* Begin PBXContainerItemProxy section */
		5CB7E5A6248A1C9700E31A2B /* PBXContainerItemProxy */ = {
			isa = PBXContainerItemProxy;
			containerPortal = 5CB7E587248A1C9500E31A2B /* Project object */;
			proxyType = 1;
			remoteGlobalIDString = 5CB7E58E248A1C9500E31A2B;
			remoteInfo = "Le Baluchon";
		};
/* End PBXContainerItemProxy section */

/* Begin PBXFileReference section */
		5C07F0B2248E7E670022299E /* ExchangeRatesPatchClientTests.swift */ = {isa = PBXFileReference; lastKnownFileType = sourcecode.swift; path = ExchangeRatesPatchClientTests.swift; sourceTree = "<group>"; };
		5C07F0B5248E7F390022299E /* ExchangeRatesPatchClient.swift */ = {isa = PBXFileReference; lastKnownFileType = sourcecode.swift; path = ExchangeRatesPatchClient.swift; sourceTree = "<group>"; };
		5C07F0B8248E8B700022299E /* ExchangeRates.swift */ = {isa = PBXFileReference; lastKnownFileType = sourcecode.swift; path = ExchangeRates.swift; sourceTree = "<group>"; };
		5C07F0BA248E8BA70022299E /* ExchangeRatesTests.swift */ = {isa = PBXFileReference; lastKnownFileType = sourcecode.swift; path = ExchangeRatesTests.swift; sourceTree = "<group>"; };
		5C07F0BC248E8C660022299E /* ExchangeRates.json */ = {isa = PBXFileReference; lastKnownFileType = text.json; path = ExchangeRates.json; sourceTree = "<group>"; };
		5C07F0C0248E8D0C0022299E /* DecodableTestCase.swift */ = {isa = PBXFileReference; lastKnownFileType = sourcecode.swift; path = DecodableTestCase.swift; sourceTree = "<group>"; };
		5C07F0C3248E8D4C0022299E /* Data+JSONFile.swift */ = {isa = PBXFileReference; lastKnownFileType = sourcecode.swift; path = "Data+JSONFile.swift"; sourceTree = "<group>"; };
		5C07F0C6248EA5500022299E /* XCTAssertEqualToAny.swift */ = {isa = PBXFileReference; lastKnownFileType = sourcecode.swift; path = XCTAssertEqualToAny.swift; sourceTree = "<group>"; };
		5CB7E58F248A1C9500E31A2B /* Le Baluchon.app */ = {isa = PBXFileReference; explicitFileType = wrapper.application; includeInIndex = 0; path = "Le Baluchon.app"; sourceTree = BUILT_PRODUCTS_DIR; };
		5CB7E592248A1C9500E31A2B /* AppDelegate.swift */ = {isa = PBXFileReference; lastKnownFileType = sourcecode.swift; path = AppDelegate.swift; sourceTree = "<group>"; };
		5CB7E599248A1C9500E31A2B /* Base */ = {isa = PBXFileReference; lastKnownFileType = file.storyboard; name = Base; path = Base.lproj/Main.storyboard; sourceTree = "<group>"; };
		5CB7E59B248A1C9600E31A2B /* Assets.xcassets */ = {isa = PBXFileReference; lastKnownFileType = folder.assetcatalog; path = Assets.xcassets; sourceTree = "<group>"; };
		5CB7E59E248A1C9600E31A2B /* Base */ = {isa = PBXFileReference; lastKnownFileType = file.storyboard; name = Base; path = Base.lproj/LaunchScreen.storyboard; sourceTree = "<group>"; };
		5CB7E5A0248A1C9600E31A2B /* Info.plist */ = {isa = PBXFileReference; lastKnownFileType = text.plist.xml; path = Info.plist; sourceTree = "<group>"; };
		5CB7E5A5248A1C9700E31A2B /* Le BaluchonTests.xctest */ = {isa = PBXFileReference; explicitFileType = wrapper.cfbundle; includeInIndex = 0; path = "Le BaluchonTests.xctest"; sourceTree = BUILT_PRODUCTS_DIR; };
		5CB7E5AB248A1C9700E31A2B /* Info.plist */ = {isa = PBXFileReference; lastKnownFileType = text.plist.xml; path = Info.plist; sourceTree = "<group>"; };
		5CB7E5BD248A483100E31A2B /* ExchangeRatesViewController.swift */ = {isa = PBXFileReference; lastKnownFileType = sourcecode.swift; path = ExchangeRatesViewController.swift; sourceTree = "<group>"; };
/* End PBXFileReference section */

/* Begin PBXFrameworksBuildPhase section */
		5CB7E58C248A1C9500E31A2B /* Frameworks */ = {
			isa = PBXFrameworksBuildPhase;
			buildActionMask = 2147483647;
			files = (
			);
			runOnlyForDeploymentPostprocessing = 0;
		};
		5CB7E5A2248A1C9700E31A2B /* Frameworks */ = {
			isa = PBXFrameworksBuildPhase;
			buildActionMask = 2147483647;
			files = (
			);
			runOnlyForDeploymentPostprocessing = 0;
		};
/* End PBXFrameworksBuildPhase section */

/* Begin PBXGroup section */
		5C07F0AF248E7DF30022299E /* Cases */ = {
			isa = PBXGroup;
			children = (
				5C07F0B0248E7DFB0022299E /* Modele */,
				5C07F0B1248E7E060022299E /* Networking */,
			);
			path = Cases;
			sourceTree = "<group>";
		};
		5C07F0B0248E7DFB0022299E /* Modele */ = {
			isa = PBXGroup;
			children = (
				5C07F0BA248E8BA70022299E /* ExchangeRatesTests.swift */,
			);
			path = Modele;
			sourceTree = "<group>";
		};
		5C07F0B1248E7E060022299E /* Networking */ = {
			isa = PBXGroup;
			children = (
				5C07F0B2248E7E670022299E /* ExchangeRatesPatchClientTests.swift */,
			);
			path = Networking;
			sourceTree = "<group>";
		};
		5C07F0B4248E7EDB0022299E /* Networking */ = {
			isa = PBXGroup;
			children = (
			);
			path = Networking;
			sourceTree = "<group>";
		};
		5C07F0B7248E8AC30022299E /* Data */ = {
			isa = PBXGroup;
			children = (
				5C07F0BC248E8C660022299E /* ExchangeRates.json */,
			);
			path = Data;
			sourceTree = "<group>";
		};
		5C07F0BE248E8CAE0022299E /* Test Types */ = {
			isa = PBXGroup;
			children = (
				5C07F0C2248E8D350022299E /* Extensions */,
				5C07F0BF248E8CF50022299E /* Protocols */,
				5C07F0C5248EA5300022299E /* XCTest Additions */,
			);
			path = "Test Types";
			sourceTree = "<group>";
		};
		5C07F0BF248E8CF50022299E /* Protocols */ = {
			isa = PBXGroup;
			children = (
				5C07F0C0248E8D0C0022299E /* DecodableTestCase.swift */,
			);
			path = Protocols;
			sourceTree = "<group>";
		};
		5C07F0C2248E8D350022299E /* Extensions */ = {
			isa = PBXGroup;
			children = (
				5C07F0C3248E8D4C0022299E /* Data+JSONFile.swift */,
			);
			path = Extensions;
			sourceTree = "<group>";
		};
		5C07F0C5248EA5300022299E /* XCTest Additions */ = {
			isa = PBXGroup;
			children = (
				5C07F0C6248EA5500022299E /* XCTAssertEqualToAny.swift */,
			);
			path = "XCTest Additions";
			sourceTree = "<group>";
		};
		5CB7E586248A1C9500E31A2B = {
			isa = PBXGroup;
			children = (
				5CB7E591248A1C9500E31A2B /* Le Baluchon */,
				5CB7E5A8248A1C9700E31A2B /* Le BaluchonTests */,
				5CB7E590248A1C9500E31A2B /* Products */,
			);
			sourceTree = "<group>";
		};
		5CB7E590248A1C9500E31A2B /* Products */ = {
			isa = PBXGroup;
			children = (
				5CB7E58F248A1C9500E31A2B /* Le Baluchon.app */,
				5CB7E5A5248A1C9700E31A2B /* Le BaluchonTests.xctest */,
			);
			name = Products;
			sourceTree = "<group>";
		};
		5CB7E591248A1C9500E31A2B /* Le Baluchon */ = {
			isa = PBXGroup;
			children = (
				5CB7E5BB248A23DA00E31A2B /* AppDelegate */,
				5CB7E5B5248A234600E31A2B /* Controller */,
				5CB7E5B4248A233300E31A2B /* Modele */,
				5C07F0B4248E7EDB0022299E /* Networking */,
				5CB7E5B7248A235E00E31A2B /* Resources */,
				5CB7E5B6248A235200E31A2B /* View */,
			);
			path = "Le Baluchon";
			sourceTree = "<group>";
		};
		5CB7E5A8248A1C9700E31A2B /* Le BaluchonTests */ = {
			isa = PBXGroup;
			children = (
				5C07F0AF248E7DF30022299E /* Cases */,
				5C07F0B7248E8AC30022299E /* Data */,
				5C07F0BE248E8CAE0022299E /* Test Types */,
				5CB7E5AB248A1C9700E31A2B /* Info.plist */,
			);
			path = "Le BaluchonTests";
			sourceTree = "<group>";
		};
		5CB7E5B4248A233300E31A2B /* Modele */ = {
			isa = PBXGroup;
			children = (
				5C07F0B5248E7F390022299E /* ExchangeRatesPatchClient.swift */,
				5C07F0B8248E8B700022299E /* ExchangeRates.swift */,
			);
			path = Modele;
			sourceTree = "<group>";
		};
		5CB7E5B5248A234600E31A2B /* Controller */ = {
			isa = PBXGroup;
			children = (
				5CB7E5BD248A483100E31A2B /* ExchangeRatesViewController.swift */,
			);
			path = Controller;
			sourceTree = "<group>";
		};
		5CB7E5B6248A235200E31A2B /* View */ = {
			isa = PBXGroup;
			children = (
				5CB7E5BC248A240700E31A2B /* Storyboards */,
			);
			path = View;
			sourceTree = "<group>";
		};
		5CB7E5B7248A235E00E31A2B /* Resources */ = {
			isa = PBXGroup;
			children = (
				5CB7E59B248A1C9600E31A2B /* Assets.xcassets */,
				5CB7E5A0248A1C9600E31A2B /* Info.plist */,
			);
			path = Resources;
			sourceTree = "<group>";
		};
		5CB7E5BB248A23DA00E31A2B /* AppDelegate */ = {
			isa = PBXGroup;
			children = (
				5CB7E592248A1C9500E31A2B /* AppDelegate.swift */,
			);
			path = AppDelegate;
			sourceTree = "<group>";
		};
		5CB7E5BC248A240700E31A2B /* Storyboards */ = {
			isa = PBXGroup;
			children = (
				5CB7E598248A1C9500E31A2B /* Main.storyboard */,
				5CB7E59D248A1C9600E31A2B /* LaunchScreen.storyboard */,
			);
			path = Storyboards;
			sourceTree = "<group>";
		};
/* End PBXGroup section */

/* Begin PBXNativeTarget section */
		5CB7E58E248A1C9500E31A2B /* Le Baluchon */ = {
			isa = PBXNativeTarget;
			buildConfigurationList = 5CB7E5AE248A1C9700E31A2B /* Build configuration list for PBXNativeTarget "Le Baluchon" */;
			buildPhases = (
				5CB7E58B248A1C9500E31A2B /* Sources */,
				5CB7E58C248A1C9500E31A2B /* Frameworks */,
				5CB7E58D248A1C9500E31A2B /* Resources */,
			);
			buildRules = (
			);
			dependencies = (
			);
			name = "Le Baluchon";
			productName = "Le Baluchon";
			productReference = 5CB7E58F248A1C9500E31A2B /* Le Baluchon.app */;
			productType = "com.apple.product-type.application";
		};
		5CB7E5A4248A1C9700E31A2B /* Le BaluchonTests */ = {
			isa = PBXNativeTarget;
			buildConfigurationList = 5CB7E5B1248A1C9700E31A2B /* Build configuration list for PBXNativeTarget "Le BaluchonTests" */;
			buildPhases = (
				5CB7E5A1248A1C9700E31A2B /* Sources */,
				5CB7E5A2248A1C9700E31A2B /* Frameworks */,
				5CB7E5A3248A1C9700E31A2B /* Resources */,
			);
			buildRules = (
			);
			dependencies = (
				5CB7E5A7248A1C9700E31A2B /* PBXTargetDependency */,
			);
			name = "Le BaluchonTests";
			productName = "Le BaluchonTests";
			productReference = 5CB7E5A5248A1C9700E31A2B /* Le BaluchonTests.xctest */;
			productType = "com.apple.product-type.bundle.unit-test";
		};
/* End PBXNativeTarget section */

/* Begin PBXProject section */
		5CB7E587248A1C9500E31A2B /* Project object */ = {
			isa = PBXProject;
			attributes = {
				LastSwiftUpdateCheck = 1130;
				LastUpgradeCheck = 1130;
				ORGANIZATIONNAME = Mabayon;
				TargetAttributes = {
					5CB7E58E248A1C9500E31A2B = {
						CreatedOnToolsVersion = 11.3.1;
					};
					5CB7E5A4248A1C9700E31A2B = {
						CreatedOnToolsVersion = 11.3.1;
						LastSwiftMigration = 1130;
						TestTargetID = 5CB7E58E248A1C9500E31A2B;
					};
				};
			};
			buildConfigurationList = 5CB7E58A248A1C9500E31A2B /* Build configuration list for PBXProject "Le Baluchon" */;
			compatibilityVersion = "Xcode 9.3";
			developmentRegion = en;
			hasScannedForEncodings = 0;
			knownRegions = (
				en,
				Base,
			);
			mainGroup = 5CB7E586248A1C9500E31A2B;
			productRefGroup = 5CB7E590248A1C9500E31A2B /* Products */;
			projectDirPath = "";
			projectRoot = "";
			targets = (
				5CB7E58E248A1C9500E31A2B /* Le Baluchon */,
				5CB7E5A4248A1C9700E31A2B /* Le BaluchonTests */,
			);
		};
/* End PBXProject section */

/* Begin PBXResourcesBuildPhase section */
		5CB7E58D248A1C9500E31A2B /* Resources */ = {
			isa = PBXResourcesBuildPhase;
			buildActionMask = 2147483647;
			files = (
				5CB7E59F248A1C9600E31A2B /* LaunchScreen.storyboard in Resources */,
				5CB7E59C248A1C9600E31A2B /* Assets.xcassets in Resources */,
				5CB7E59A248A1C9500E31A2B /* Main.storyboard in Resources */,
			);
			runOnlyForDeploymentPostprocessing = 0;
		};
		5CB7E5A3248A1C9700E31A2B /* Resources */ = {
			isa = PBXResourcesBuildPhase;
			buildActionMask = 2147483647;
			files = (
				5C07F0BD248E8C660022299E /* ExchangeRates.json in Resources */,
			);
			runOnlyForDeploymentPostprocessing = 0;
		};
/* End PBXResourcesBuildPhase section */

/* Begin PBXSourcesBuildPhase section */
		5CB7E58B248A1C9500E31A2B /* Sources */ = {
			isa = PBXSourcesBuildPhase;
			buildActionMask = 2147483647;
			files = (
				5C07F0B6248E7F390022299E /* ExchangeRatesPatchClient.swift in Sources */,
				5CB7E5BE248A483100E31A2B /* ExchangeRatesViewController.swift in Sources */,
				5C07F0B9248E8B700022299E /* ExchangeRates.swift in Sources */,
				5CB7E593248A1C9500E31A2B /* AppDelegate.swift in Sources */,
			);
			runOnlyForDeploymentPostprocessing = 0;
		};
		5CB7E5A1248A1C9700E31A2B /* Sources */ = {
			isa = PBXSourcesBuildPhase;
			buildActionMask = 2147483647;
			files = (
				5C07F0C7248EA5500022299E /* XCTAssertEqualToAny.swift in Sources */,
				5C07F0B3248E7E670022299E /* ExchangeRatesPatchClientTests.swift in Sources */,
				5C07F0C4248E8D4C0022299E /* Data+JSONFile.swift in Sources */,
				5C07F0C1248E8D0C0022299E /* DecodableTestCase.swift in Sources */,
				5C07F0BB248E8BA70022299E /* ExchangeRatesTests.swift in Sources */,
			);
			runOnlyForDeploymentPostprocessing = 0;
		};
/* End PBXSourcesBuildPhase section */

/* Begin PBXTargetDependency section */
		5CB7E5A7248A1C9700E31A2B /* PBXTargetDependency */ = {
			isa = PBXTargetDependency;
			target = 5CB7E58E248A1C9500E31A2B /* Le Baluchon */;
			targetProxy = 5CB7E5A6248A1C9700E31A2B /* PBXContainerItemProxy */;
		};
/* End PBXTargetDependency section */

/* Begin PBXVariantGroup section */
		5CB7E598248A1C9500E31A2B /* Main.storyboard */ = {
			isa = PBXVariantGroup;
			children = (
				5CB7E599248A1C9500E31A2B /* Base */,
			);
			name = Main.storyboard;
			sourceTree = "<group>";
		};
		5CB7E59D248A1C9600E31A2B /* LaunchScreen.storyboard */ = {
			isa = PBXVariantGroup;
			children = (
				5CB7E59E248A1C9600E31A2B /* Base */,
			);
			name = LaunchScreen.storyboard;
			sourceTree = "<group>";
		};
/* End PBXVariantGroup section */

/* Begin XCBuildConfiguration section */
		5CB7E5AC248A1C9700E31A2B /* Debug */ = {
			isa = XCBuildConfiguration;
			buildSettings = {
				ALWAYS_SEARCH_USER_PATHS = NO;
				CLANG_ANALYZER_NONNULL = YES;
				CLANG_ANALYZER_NUMBER_OBJECT_CONVERSION = YES_AGGRESSIVE;
				CLANG_CXX_LANGUAGE_STANDARD = "gnu++14";
				CLANG_CXX_LIBRARY = "libc++";
				CLANG_ENABLE_MODULES = YES;
				CLANG_ENABLE_OBJC_ARC = YES;
				CLANG_ENABLE_OBJC_WEAK = YES;
				CLANG_WARN_BLOCK_CAPTURE_AUTORELEASING = YES;
				CLANG_WARN_BOOL_CONVERSION = YES;
				CLANG_WARN_COMMA = YES;
				CLANG_WARN_CONSTANT_CONVERSION = YES;
				CLANG_WARN_DEPRECATED_OBJC_IMPLEMENTATIONS = YES;
				CLANG_WARN_DIRECT_OBJC_ISA_USAGE = YES_ERROR;
				CLANG_WARN_DOCUMENTATION_COMMENTS = YES;
				CLANG_WARN_EMPTY_BODY = YES;
				CLANG_WARN_ENUM_CONVERSION = YES;
				CLANG_WARN_INFINITE_RECURSION = YES;
				CLANG_WARN_INT_CONVERSION = YES;
				CLANG_WARN_NON_LITERAL_NULL_CONVERSION = YES;
				CLANG_WARN_OBJC_IMPLICIT_RETAIN_SELF = YES;
				CLANG_WARN_OBJC_LITERAL_CONVERSION = YES;
				CLANG_WARN_OBJC_ROOT_CLASS = YES_ERROR;
				CLANG_WARN_RANGE_LOOP_ANALYSIS = YES;
				CLANG_WARN_STRICT_PROTOTYPES = YES;
				CLANG_WARN_SUSPICIOUS_MOVE = YES;
				CLANG_WARN_UNGUARDED_AVAILABILITY = YES_AGGRESSIVE;
				CLANG_WARN_UNREACHABLE_CODE = YES;
				CLANG_WARN__DUPLICATE_METHOD_MATCH = YES;
				COPY_PHASE_STRIP = NO;
				DEBUG_INFORMATION_FORMAT = dwarf;
				ENABLE_STRICT_OBJC_MSGSEND = YES;
				ENABLE_TESTABILITY = YES;
				GCC_C_LANGUAGE_STANDARD = gnu11;
				GCC_DYNAMIC_NO_PIC = NO;
				GCC_NO_COMMON_BLOCKS = YES;
				GCC_OPTIMIZATION_LEVEL = 0;
				GCC_PREPROCESSOR_DEFINITIONS = (
					"DEBUG=1",
					"$(inherited)",
				);
				GCC_WARN_64_TO_32_BIT_CONVERSION = YES;
				GCC_WARN_ABOUT_RETURN_TYPE = YES_ERROR;
				GCC_WARN_UNDECLARED_SELECTOR = YES;
				GCC_WARN_UNINITIALIZED_AUTOS = YES_AGGRESSIVE;
				GCC_WARN_UNUSED_FUNCTION = YES;
				GCC_WARN_UNUSED_VARIABLE = YES;
				IPHONEOS_DEPLOYMENT_TARGET = 13.2;
				MTL_ENABLE_DEBUG_INFO = INCLUDE_SOURCE;
				MTL_FAST_MATH = YES;
				ONLY_ACTIVE_ARCH = YES;
				SDKROOT = iphoneos;
				SWIFT_ACTIVE_COMPILATION_CONDITIONS = DEBUG;
				SWIFT_OPTIMIZATION_LEVEL = "-Onone";
			};
			name = Debug;
		};
		5CB7E5AD248A1C9700E31A2B /* Release */ = {
			isa = XCBuildConfiguration;
			buildSettings = {
				ALWAYS_SEARCH_USER_PATHS = NO;
				CLANG_ANALYZER_NONNULL = YES;
				CLANG_ANALYZER_NUMBER_OBJECT_CONVERSION = YES_AGGRESSIVE;
				CLANG_CXX_LANGUAGE_STANDARD = "gnu++14";
				CLANG_CXX_LIBRARY = "libc++";
				CLANG_ENABLE_MODULES = YES;
				CLANG_ENABLE_OBJC_ARC = YES;
				CLANG_ENABLE_OBJC_WEAK = YES;
				CLANG_WARN_BLOCK_CAPTURE_AUTORELEASING = YES;
				CLANG_WARN_BOOL_CONVERSION = YES;
				CLANG_WARN_COMMA = YES;
				CLANG_WARN_CONSTANT_CONVERSION = YES;
				CLANG_WARN_DEPRECATED_OBJC_IMPLEMENTATIONS = YES;
				CLANG_WARN_DIRECT_OBJC_ISA_USAGE = YES_ERROR;
				CLANG_WARN_DOCUMENTATION_COMMENTS = YES;
				CLANG_WARN_EMPTY_BODY = YES;
				CLANG_WARN_ENUM_CONVERSION = YES;
				CLANG_WARN_INFINITE_RECURSION = YES;
				CLANG_WARN_INT_CONVERSION = YES;
				CLANG_WARN_NON_LITERAL_NULL_CONVERSION = YES;
				CLANG_WARN_OBJC_IMPLICIT_RETAIN_SELF = YES;
				CLANG_WARN_OBJC_LITERAL_CONVERSION = YES;
				CLANG_WARN_OBJC_ROOT_CLASS = YES_ERROR;
				CLANG_WARN_RANGE_LOOP_ANALYSIS = YES;
				CLANG_WARN_STRICT_PROTOTYPES = YES;
				CLANG_WARN_SUSPICIOUS_MOVE = YES;
				CLANG_WARN_UNGUARDED_AVAILABILITY = YES_AGGRESSIVE;
				CLANG_WARN_UNREACHABLE_CODE = YES;
				CLANG_WARN__DUPLICATE_METHOD_MATCH = YES;
				COPY_PHASE_STRIP = NO;
				DEBUG_INFORMATION_FORMAT = "dwarf-with-dsym";
				ENABLE_NS_ASSERTIONS = NO;
				ENABLE_STRICT_OBJC_MSGSEND = YES;
				GCC_C_LANGUAGE_STANDARD = gnu11;
				GCC_NO_COMMON_BLOCKS = YES;
				GCC_WARN_64_TO_32_BIT_CONVERSION = YES;
				GCC_WARN_ABOUT_RETURN_TYPE = YES_ERROR;
				GCC_WARN_UNDECLARED_SELECTOR = YES;
				GCC_WARN_UNINITIALIZED_AUTOS = YES_AGGRESSIVE;
				GCC_WARN_UNUSED_FUNCTION = YES;
				GCC_WARN_UNUSED_VARIABLE = YES;
				IPHONEOS_DEPLOYMENT_TARGET = 13.2;
				MTL_ENABLE_DEBUG_INFO = NO;
				MTL_FAST_MATH = YES;
				SDKROOT = iphoneos;
				SWIFT_COMPILATION_MODE = wholemodule;
				SWIFT_OPTIMIZATION_LEVEL = "-O";
				VALIDATE_PRODUCT = YES;
			};
			name = Release;
		};
		5CB7E5AF248A1C9700E31A2B /* Debug */ = {
			isa = XCBuildConfiguration;
			buildSettings = {
				ASSETCATALOG_COMPILER_APPICON_NAME = AppIcon;
				CODE_SIGN_STYLE = Automatic;
				DEVELOPMENT_TEAM = NF2Q637UQ4;
				INFOPLIST_FILE = "Le Baluchon/Resources/Info.plist";
				IPHONEOS_DEPLOYMENT_TARGET = 11.0;
				LD_RUNPATH_SEARCH_PATHS = (
					"$(inherited)",
					"@executable_path/Frameworks",
				);
				PRODUCT_BUNDLE_IDENTIFIER = "com.mabayon.Le-Baluchon";
				PRODUCT_NAME = "$(TARGET_NAME)";
				SWIFT_VERSION = 5.0;
				TARGETED_DEVICE_FAMILY = 1;
			};
			name = Debug;
		};
		5CB7E5B0248A1C9700E31A2B /* Release */ = {
			isa = XCBuildConfiguration;
			buildSettings = {
				ASSETCATALOG_COMPILER_APPICON_NAME = AppIcon;
				CODE_SIGN_STYLE = Automatic;
				DEVELOPMENT_TEAM = NF2Q637UQ4;
				INFOPLIST_FILE = "Le Baluchon/Resources/Info.plist";
				IPHONEOS_DEPLOYMENT_TARGET = 11.0;
				LD_RUNPATH_SEARCH_PATHS = (
					"$(inherited)",
					"@executable_path/Frameworks",
				);
				PRODUCT_BUNDLE_IDENTIFIER = "com.mabayon.Le-Baluchon";
				PRODUCT_NAME = "$(TARGET_NAME)";
				SWIFT_VERSION = 5.0;
				TARGETED_DEVICE_FAMILY = 1;
			};
			name = Release;
		};
		5CB7E5B2248A1C9700E31A2B /* Debug */ = {
			isa = XCBuildConfiguration;
			buildSettings = {
				ALWAYS_EMBED_SWIFT_STANDARD_LIBRARIES = YES;
				BUNDLE_LOADER = "$(TEST_HOST)";
				CLANG_ENABLE_MODULES = YES;
				CODE_SIGN_STYLE = Automatic;
				DEVELOPMENT_TEAM = NF2Q637UQ4;
				INFOPLIST_FILE = "Le BaluchonTests/Info.plist";
				IPHONEOS_DEPLOYMENT_TARGET = 13.2;
				LD_RUNPATH_SEARCH_PATHS = (
					"$(inherited)",
					"@executable_path/Frameworks",
					"@loader_path/Frameworks",
				);
				PRODUCT_BUNDLE_IDENTIFIER = "com.mabayon.Le-BaluchonTests";
				PRODUCT_NAME = "$(TARGET_NAME)";
				SWIFT_OPTIMIZATION_LEVEL = "-Onone";
				SWIFT_VERSION = 5.0;
				TARGETED_DEVICE_FAMILY = "1,2";
				TEST_HOST = "$(BUILT_PRODUCTS_DIR)/Le Baluchon.app/Le Baluchon";
			};
			name = Debug;
		};
		5CB7E5B3248A1C9700E31A2B /* Release */ = {
			isa = XCBuildConfiguration;
			buildSettings = {
				ALWAYS_EMBED_SWIFT_STANDARD_LIBRARIES = YES;
				BUNDLE_LOADER = "$(TEST_HOST)";
				CLANG_ENABLE_MODULES = YES;
				CODE_SIGN_STYLE = Automatic;
				DEVELOPMENT_TEAM = NF2Q637UQ4;
				INFOPLIST_FILE = "Le BaluchonTests/Info.plist";
				IPHONEOS_DEPLOYMENT_TARGET = 13.2;
				LD_RUNPATH_SEARCH_PATHS = (
					"$(inherited)",
					"@executable_path/Frameworks",
					"@loader_path/Frameworks",
				);
				PRODUCT_BUNDLE_IDENTIFIER = "com.mabayon.Le-BaluchonTests";
				PRODUCT_NAME = "$(TARGET_NAME)";
				SWIFT_VERSION = 5.0;
				TARGETED_DEVICE_FAMILY = "1,2";
				TEST_HOST = "$(BUILT_PRODUCTS_DIR)/Le Baluchon.app/Le Baluchon";
			};
			name = Release;
		};
/* End XCBuildConfiguration section */

/* Begin XCConfigurationList section */
		5CB7E58A248A1C9500E31A2B /* Build configuration list for PBXProject "Le Baluchon" */ = {
			isa = XCConfigurationList;
			buildConfigurations = (
				5CB7E5AC248A1C9700E31A2B /* Debug */,
				5CB7E5AD248A1C9700E31A2B /* Release */,
			);
			defaultConfigurationIsVisible = 0;
			defaultConfigurationName = Release;
		};
		5CB7E5AE248A1C9700E31A2B /* Build configuration list for PBXNativeTarget "Le Baluchon" */ = {
			isa = XCConfigurationList;
			buildConfigurations = (
				5CB7E5AF248A1C9700E31A2B /* Debug */,
				5CB7E5B0248A1C9700E31A2B /* Release */,
			);
			defaultConfigurationIsVisible = 0;
			defaultConfigurationName = Release;
		};
		5CB7E5B1248A1C9700E31A2B /* Build configuration list for PBXNativeTarget "Le BaluchonTests" */ = {
			isa = XCConfigurationList;
			buildConfigurations = (
				5CB7E5B2248A1C9700E31A2B /* Debug */,
				5CB7E5B3248A1C9700E31A2B /* Release */,
			);
			defaultConfigurationIsVisible = 0;
			defaultConfigurationName = Release;
		};
/* End XCConfigurationList section */
	};
	rootObject = 5CB7E587248A1C9500E31A2B /* Project object */;
}
