// !$*UTF8*$!
{
	archiveVersion = 1;
	classes = {
	};
	objectVersion = 50;
	objects = {

/* Begin PBXBuildFile section */
		5C03321424B06D5C00F4D598 /* WeatherCondition.swift in Sources */ = {isa = PBXBuildFile; fileRef = 5C03321324B06D5C00F4D598 /* WeatherCondition.swift */; };
		5C03321724B0841300F4D598 /* UICollectionViewCell+Identifier.swift in Sources */ = {isa = PBXBuildFile; fileRef = 5C03321624B0841300F4D598 /* UICollectionViewCell+Identifier.swift */; };
		5C03321924B0849C00F4D598 /* TestCollectionViewCell.swift in Sources */ = {isa = PBXBuildFile; fileRef = 5C03321824B0849C00F4D598 /* TestCollectionViewCell.swift */; };
		5C03321B24B091F700F4D598 /* ForecastWeather.swift in Sources */ = {isa = PBXBuildFile; fileRef = 5C03321A24B091F700F4D598 /* ForecastWeather.swift */; };
		5C03321E24B0921F00F4D598 /* ForecastWeatherTests.swift in Sources */ = {isa = PBXBuildFile; fileRef = 5C03321D24B0921E00F4D598 /* ForecastWeatherTests.swift */; };
		5C03322024B0987200F4D598 /* ForecastWeather.json in Resources */ = {isa = PBXBuildFile; fileRef = 5C03321F24B0987200F4D598 /* ForecastWeather.json */; };
		5C04592524C6C2CF000F8CFA /* TranslatedLang.swift in Sources */ = {isa = PBXBuildFile; fileRef = 5C04592424C6C2CF000F8CFA /* TranslatedLang.swift */; };
		5C04592824C6DC68000F8CFA /* TranslatorView.swift in Sources */ = {isa = PBXBuildFile; fileRef = 5C04592724C6DC68000F8CFA /* TranslatorView.swift */; };
		5C07F0B9248E8B700022299E /* ExchangeRates.swift in Sources */ = {isa = PBXBuildFile; fileRef = 5C07F0B8248E8B700022299E /* ExchangeRates.swift */; };
		5C07F0BB248E8BA70022299E /* ExchangeRatesTests.swift in Sources */ = {isa = PBXBuildFile; fileRef = 5C07F0BA248E8BA70022299E /* ExchangeRatesTests.swift */; };
		5C07F0BD248E8C660022299E /* ExchangeRates.json in Resources */ = {isa = PBXBuildFile; fileRef = 5C07F0BC248E8C660022299E /* ExchangeRates.json */; };
		5C07F0C1248E8D0C0022299E /* DecodableTestCase.swift in Sources */ = {isa = PBXBuildFile; fileRef = 5C07F0C0248E8D0C0022299E /* DecodableTestCase.swift */; };
		5C07F0C4248E8D4C0022299E /* Data+JSONFile.swift in Sources */ = {isa = PBXBuildFile; fileRef = 5C07F0C3248E8D4C0022299E /* Data+JSONFile.swift */; };
		5C07F0C7248EA5500022299E /* XCTAssertEqualToAny.swift in Sources */ = {isa = PBXBuildFile; fileRef = 5C07F0C6248EA5500022299E /* XCTAssertEqualToAny.swift */; };
		5C15697D249B5B170079AD1F /* UIView+ApplyRoundedCorners.swift in Sources */ = {isa = PBXBuildFile; fileRef = 5C15697C249B5B170079AD1F /* UIView+ApplyRoundedCorners.swift */; };
		5C156981249B65080079AD1F /* UIView+ApplyShadow.swift in Sources */ = {isa = PBXBuildFile; fileRef = 5C156980249B65080079AD1F /* UIView+ApplyShadow.swift */; };
		5C156984249B6A0F0079AD1F /* TabBarViewController.swift in Sources */ = {isa = PBXBuildFile; fileRef = 5C156983249B6A0F0079AD1F /* TabBarViewController.swift */; };
		5C156987249B72300079AD1F /* ShadowTabBar.swift in Sources */ = {isa = PBXBuildFile; fileRef = 5C156986249B72300079AD1F /* ShadowTabBar.swift */; };
		5C156989249B758A0079AD1F /* Inter-Bold.otf in Resources */ = {isa = PBXBuildFile; fileRef = 5C156988249B758A0079AD1F /* Inter-Bold.otf */; };
		5C17FAAD24B5AD8100013DDB /* WeatherCollectionViewCell.swift in Sources */ = {isa = PBXBuildFile; fileRef = 5C17FAAC24B5AD8100013DDB /* WeatherCollectionViewCell.swift */; };
		5C17FAAF24B5C89000013DDB /* WeatherViewController.swift in Sources */ = {isa = PBXBuildFile; fileRef = 5C17FAAE24B5C89000013DDB /* WeatherViewController.swift */; };
		5C31A16F25545CC00056FC7E /* Main.storyboard in Resources */ = {isa = PBXBuildFile; fileRef = 5CB7E598248A1C9500E31A2B /* Main.storyboard */; };
		5C423DD124AA28530084427B /* ConverterTests.swift in Sources */ = {isa = PBXBuildFile; fileRef = 5C423DD024AA28530084427B /* ConverterTests.swift */; };
		5C423DD424AA291F0084427B /* Converter.swift in Sources */ = {isa = PBXBuildFile; fileRef = 5C423DD324AA291F0084427B /* Converter.swift */; };
		5C423DD924AA60FF0084427B /* DeviseButton.swift in Sources */ = {isa = PBXBuildFile; fileRef = 5C423DD824AA60FF0084427B /* DeviseButton.swift */; };
		5C48A4BE24B1DE4F00E884C2 /* ForecastManager.swift in Sources */ = {isa = PBXBuildFile; fileRef = 5C48A4BD24B1DE4F00E884C2 /* ForecastManager.swift */; };
		5C48A4C024B1DF2700E884C2 /* ForecastManagerTests.swift in Sources */ = {isa = PBXBuildFile; fileRef = 5C48A4BF24B1DF2700E884C2 /* ForecastManagerTests.swift */; };
		5C48A4C324B20C9E00E884C2 /* Date+FromString.swift in Sources */ = {isa = PBXBuildFile; fileRef = 5C48A4C224B20C9E00E884C2 /* Date+FromString.swift */; };
		5C48A4C524B20DED00E884C2 /* Date+ToString.swift in Sources */ = {isa = PBXBuildFile; fileRef = 5C48A4C424B20DED00E884C2 /* Date+ToString.swift */; };
		5C48A4C724B21EA500E884C2 /* Temp.swift in Sources */ = {isa = PBXBuildFile; fileRef = 5C48A4C624B21EA500E884C2 /* Temp.swift */; };
		5C48A4C924B22ED100E884C2 /* ForecastViewModel.swift in Sources */ = {isa = PBXBuildFile; fileRef = 5C48A4C824B22ED100E884C2 /* ForecastViewModel.swift */; };
		5C48A4CB24B22F3E00E884C2 /* ForecastViewModelTests.swift in Sources */ = {isa = PBXBuildFile; fileRef = 5C48A4CA24B22F3E00E884C2 /* ForecastViewModelTests.swift */; };
		5C6C13CE24AFBABE004BE476 /* Date+GetDayString.swift in Sources */ = {isa = PBXBuildFile; fileRef = 5C6C13CD24AFBABE004BE476 /* Date+GetDayString.swift */; };
		5C7890982493C51C00CA7842 /* Main.storyboard in Resources */ = {isa = PBXBuildFile; fileRef = 5C8877D32493BECA004E2A3A /* Main.storyboard */; };
		5C78909D2493CDA300CA7842 /* MockExchangeRatesService.swift in Sources */ = {isa = PBXBuildFile; fileRef = 5C78909C2493CDA300CA7842 /* MockExchangeRatesService.swift */; };
		5C7A57A024C1A7B7004A1B08 /* TranslatorViewController.swift in Sources */ = {isa = PBXBuildFile; fileRef = 5C7A579F24C1A7B7004A1B08 /* TranslatorViewController.swift */; };
		5C8877C32493B9FC004E2A3A /* ExchangeRatesViewControllerTests.swift in Sources */ = {isa = PBXBuildFile; fileRef = 5C8877C22493B9FC004E2A3A /* ExchangeRatesViewControllerTests.swift */; };
		5C8877C72493BD37004E2A3A /* UIViewController+StoryboardCreatable.swift in Sources */ = {isa = PBXBuildFile; fileRef = 5C8877C62493BD37004E2A3A /* UIViewController+StoryboardCreatable.swift */; };
		5C8877C92493BD6E004E2A3A /* StoryboardCreatable.swift in Sources */ = {isa = PBXBuildFile; fileRef = 5C8877C82493BD6E004E2A3A /* StoryboardCreatable.swift */; };
		5C8877CD2493BDD6004E2A3A /* UIViewController+StoryboardCreatableTests.swift in Sources */ = {isa = PBXBuildFile; fileRef = 5C8877CC2493BDD6004E2A3A /* UIViewController+StoryboardCreatableTests.swift */; };
		5C8877D02493BE3D004E2A3A /* TestViewController.swift in Sources */ = {isa = PBXBuildFile; fileRef = 5C8877CF2493BE3D004E2A3A /* TestViewController.swift */; };
		5C8877DA2493BEF1004E2A3A /* TestView.swift in Sources */ = {isa = PBXBuildFile; fileRef = 5C8877D92493BEF1004E2A3A /* TestView.swift */; };
		5C9363A124990CAA00F0B9D8 /* Inter-Regular.otf in Resources */ = {isa = PBXBuildFile; fileRef = 5C9363A024990C9D00F0B9D8 /* Inter-Regular.otf */; };
		5C9556D124C03B8000779D52 /* GoogleTranslate.swift in Sources */ = {isa = PBXBuildFile; fileRef = 5C9556D024C03B8000779D52 /* GoogleTranslate.swift */; };
		5C9556D524C03F1500779D52 /* TranslationTests.swift in Sources */ = {isa = PBXBuildFile; fileRef = 5C9556D424C03F1500779D52 /* TranslationTests.swift */; };
		5C9556D724C03F5700779D52 /* Translation.swift in Sources */ = {isa = PBXBuildFile; fileRef = 5C9556D624C03F5700779D52 /* Translation.swift */; };
		5C9556DA24C040A500779D52 /* Translation.json in Resources */ = {isa = PBXBuildFile; fileRef = 5C9556D924C040A500779D52 /* Translation.json */; };
		5C9E17D12492694A00110F00 /* GET_ExchangeRates_MissingValuesResponse.json in Resources */ = {isa = PBXBuildFile; fileRef = 5C9E17D02492694A00110F00 /* GET_ExchangeRates_MissingValuesResponse.json */; };
		5CA130A824AE1CD000AAD98B /* MockURLSession.swift in Sources */ = {isa = PBXBuildFile; fileRef = 5CA130A724AE1CD000AAD98B /* MockURLSession.swift */; };
		5CA130AA24AE1CEB00AAD98B /* MockURLSessionDataTask.swift in Sources */ = {isa = PBXBuildFile; fileRef = 5CA130A924AE1CEB00AAD98B /* MockURLSessionDataTask.swift */; };
		5CA130AC24AE21DD00AAD98B /* NetworkClients.swift in Sources */ = {isa = PBXBuildFile; fileRef = 5CA130AB24AE21DD00AAD98B /* NetworkClients.swift */; };
		5CA130AE24AE22FC00AAD98B /* APIService.swift in Sources */ = {isa = PBXBuildFile; fileRef = 5CA130AD24AE22FC00AAD98B /* APIService.swift */; };
		5CA130B024AE271A00AAD98B /* Fixer.swift in Sources */ = {isa = PBXBuildFile; fileRef = 5CA130AF24AE271A00AAD98B /* Fixer.swift */; };
		5CA130B524AE2A1900AAD98B /* NetworkClientsTests.swift in Sources */ = {isa = PBXBuildFile; fileRef = 5CA130B424AE2A1900AAD98B /* NetworkClientsTests.swift */; };
		5CAAEBF224AE3B000032B964 /* APIKeys.swift in Sources */ = {isa = PBXBuildFile; fileRef = 5CAAEBF124AE3B000032B964 /* APIKeys.swift */; };
		5CAAEBF424AE46520032B964 /* OpenWeather.swift in Sources */ = {isa = PBXBuildFile; fileRef = 5CAAEBF324AE46520032B964 /* OpenWeather.swift */; };
		5CAAEBF924AF24DC0032B964 /* UIImage+aspectFitImage.swift in Sources */ = {isa = PBXBuildFile; fileRef = 5CAAEBF824AF24DC0032B964 /* UIImage+aspectFitImage.swift */; };
		5CAAEBFF24AF5AE00032B964 /* WeatherViewModel.swift in Sources */ = {isa = PBXBuildFile; fileRef = 5CAAEBFE24AF5AE00032B964 /* WeatherViewModel.swift */; };
		5CAAEC0224AFAFE90032B964 /* WeatherViewModelTests.swift in Sources */ = {isa = PBXBuildFile; fileRef = 5CAAEC0124AFAFE90032B964 /* WeatherViewModelTests.swift */; };
		5CAAEC0324AFB2880032B964 /* TodayWeather.swift in Sources */ = {isa = PBXBuildFile; fileRef = 5CBD690224ADD36300F24A2C /* TodayWeather.swift */; };
		5CAED5DC249B91A000688729 /* CountryCollectionViewCell.swift in Sources */ = {isa = PBXBuildFile; fileRef = 5CAED5DB249B91A000688729 /* CountryCollectionViewCell.swift */; };
		5CAED5DF249B91F200688729 /* UICollectionViewCell+Identifier.swift in Sources */ = {isa = PBXBuildFile; fileRef = 5CAED5DE249B91F200688729 /* UICollectionViewCell+Identifier.swift */; };
		5CB7E593248A1C9500E31A2B /* AppDelegate.swift in Sources */ = {isa = PBXBuildFile; fileRef = 5CB7E592248A1C9500E31A2B /* AppDelegate.swift */; };
		5CB7E59C248A1C9600E31A2B /* Assets.xcassets in Resources */ = {isa = PBXBuildFile; fileRef = 5CB7E59B248A1C9600E31A2B /* Assets.xcassets */; };
		5CB7E59F248A1C9600E31A2B /* LaunchScreen.storyboard in Resources */ = {isa = PBXBuildFile; fileRef = 5CB7E59D248A1C9600E31A2B /* LaunchScreen.storyboard */; };
		5CB7E5BE248A483100E31A2B /* ExchangeRatesViewController.swift in Sources */ = {isa = PBXBuildFile; fileRef = 5CB7E5BD248A483100E31A2B /* ExchangeRatesViewController.swift */; };
		5CBD68FE24ADD1EB00F24A2C /* TodayWeather.json in Resources */ = {isa = PBXBuildFile; fileRef = 5CBD68FD24ADD1EB00F24A2C /* TodayWeather.json */; };
		5CBD690124ADD22E00F24A2C /* WeatherTests.swift in Sources */ = {isa = PBXBuildFile; fileRef = 5CBD690024ADD22E00F24A2C /* WeatherTests.swift */; };
		5CC7AA7B24B478A000F5CD88 /* ForecastTableViewCell.swift in Sources */ = {isa = PBXBuildFile; fileRef = 5CC7AA7A24B478A000F5CD88 /* ForecastTableViewCell.swift */; };
		5CC7AA7D24B4808700F5CD88 /* UITableViewCell+Identifier.swift in Sources */ = {isa = PBXBuildFile; fileRef = 5CC7AA7C24B4808700F5CD88 /* UITableViewCell+Identifier.swift */; };
		5CCCA0DA248F7A450089178B /* ExchangeRatesViewModel.swift in Sources */ = {isa = PBXBuildFile; fileRef = 5CCCA0D9248F7A450089178B /* ExchangeRatesViewModel.swift */; };
		5CCCA0DD248F7ACC0089178B /* ExchangeRatesViewModelTests.swift in Sources */ = {isa = PBXBuildFile; fileRef = 5CCCA0DC248F7ACC0089178B /* ExchangeRatesViewModelTests.swift */; };
		5CCCA0DF248F82540089178B /* TimeInterval+Calendar.swift in Sources */ = {isa = PBXBuildFile; fileRef = 5CCCA0DE248F82540089178B /* TimeInterval+Calendar.swift */; };
		5CCCA0E32490EB170089178B /* Currency.swift in Sources */ = {isa = PBXBuildFile; fileRef = 5CCCA0E22490EB170089178B /* Currency.swift */; };
		5CEC03B524AB605B00C569AD /* ConverterView.swift in Sources */ = {isa = PBXBuildFile; fileRef = 5CEC03B424AB605B00C569AD /* ConverterView.swift */; };
		5CF4641C24AC62230043E6BA /* RangeReplaceableCollection+Rearrange.swift in Sources */ = {isa = PBXBuildFile; fileRef = 5CF4641B24AC62230043E6BA /* RangeReplaceableCollection+Rearrange.swift */; };
		5CF4641F24ACA06E0043E6BA /* UIImage+GetImage.swift in Sources */ = {isa = PBXBuildFile; fileRef = 5CF4641E24ACA06E0043E6BA /* UIImage+GetImage.swift */; };
		A4DB8503EA3B70A88920C133 /* Pods_Le_BaluchonTests.framework in Frameworks */ = {isa = PBXBuildFile; fileRef = 3089E2917271B697DB04166A /* Pods_Le_BaluchonTests.framework */; };
		B5C955D2365CE523DC532C2C /* Pods_Le_Baluchon.framework in Frameworks */ = {isa = PBXBuildFile; fileRef = E7395889A2B2E39B55F85155 /* Pods_Le_Baluchon.framework */; };
/* End PBXBuildFile section */

/* Begin PBXContainerItemProxy section */
		5CB7E5A6248A1C9700E31A2B /* PBXContainerItemProxy */ = {
			isa = PBXContainerItemProxy;
			containerPortal = 5CB7E587248A1C9500E31A2B /* Project object */;
			proxyType = 1;
			remoteGlobalIDString = 5CB7E58E248A1C9500E31A2B;
			remoteInfo = "Le Baluchon";
		};
/* End PBXContainerItemProxy section */

/* Begin PBXFileReference section */
		0D18558D45942C130D35BDB6 /* Pods-Le BaluchonTests.release.xcconfig */ = {isa = PBXFileReference; includeInIndex = 1; lastKnownFileType = text.xcconfig; name = "Pods-Le BaluchonTests.release.xcconfig"; path = "Pods/Target Support Files/Pods-Le BaluchonTests/Pods-Le BaluchonTests.release.xcconfig"; sourceTree = "<group>"; };
		1117ACE71B770D7102B25A97 /* Pods-Le BaluchonTests.debug.xcconfig */ = {isa = PBXFileReference; includeInIndex = 1; lastKnownFileType = text.xcconfig; name = "Pods-Le BaluchonTests.debug.xcconfig"; path = "Pods/Target Support Files/Pods-Le BaluchonTests/Pods-Le BaluchonTests.debug.xcconfig"; sourceTree = "<group>"; };
		18DE6B4A4ECAA78375E37129 /* Pods-Le Baluchon.debug.xcconfig */ = {isa = PBXFileReference; includeInIndex = 1; lastKnownFileType = text.xcconfig; name = "Pods-Le Baluchon.debug.xcconfig"; path = "Pods/Target Support Files/Pods-Le Baluchon/Pods-Le Baluchon.debug.xcconfig"; sourceTree = "<group>"; };
		3089E2917271B697DB04166A /* Pods_Le_BaluchonTests.framework */ = {isa = PBXFileReference; explicitFileType = wrapper.framework; includeInIndex = 0; path = Pods_Le_BaluchonTests.framework; sourceTree = BUILT_PRODUCTS_DIR; };
		4A54247FA5734C8D917FD48F /* Pods-Le Baluchon.release.xcconfig */ = {isa = PBXFileReference; includeInIndex = 1; lastKnownFileType = text.xcconfig; name = "Pods-Le Baluchon.release.xcconfig"; path = "Pods/Target Support Files/Pods-Le Baluchon/Pods-Le Baluchon.release.xcconfig"; sourceTree = "<group>"; };
		5C03321324B06D5C00F4D598 /* WeatherCondition.swift */ = {isa = PBXFileReference; lastKnownFileType = sourcecode.swift; path = WeatherCondition.swift; sourceTree = "<group>"; };
		5C03321624B0841300F4D598 /* UICollectionViewCell+Identifier.swift */ = {isa = PBXFileReference; lastKnownFileType = sourcecode.swift; path = "UICollectionViewCell+Identifier.swift"; sourceTree = "<group>"; };
		5C03321824B0849C00F4D598 /* TestCollectionViewCell.swift */ = {isa = PBXFileReference; lastKnownFileType = sourcecode.swift; path = TestCollectionViewCell.swift; sourceTree = "<group>"; };
		5C03321A24B091F700F4D598 /* ForecastWeather.swift */ = {isa = PBXFileReference; lastKnownFileType = sourcecode.swift; path = ForecastWeather.swift; sourceTree = "<group>"; };
		5C03321D24B0921E00F4D598 /* ForecastWeatherTests.swift */ = {isa = PBXFileReference; lastKnownFileType = sourcecode.swift; path = ForecastWeatherTests.swift; sourceTree = "<group>"; };
		5C03321F24B0987200F4D598 /* ForecastWeather.json */ = {isa = PBXFileReference; lastKnownFileType = text.json; path = ForecastWeather.json; sourceTree = "<group>"; };
		5C04592424C6C2CF000F8CFA /* TranslatedLang.swift */ = {isa = PBXFileReference; lastKnownFileType = sourcecode.swift; path = TranslatedLang.swift; sourceTree = "<group>"; };
		5C04592724C6DC68000F8CFA /* TranslatorView.swift */ = {isa = PBXFileReference; lastKnownFileType = sourcecode.swift; path = TranslatorView.swift; sourceTree = "<group>"; };
		5C07F0B8248E8B700022299E /* ExchangeRates.swift */ = {isa = PBXFileReference; lastKnownFileType = sourcecode.swift; path = ExchangeRates.swift; sourceTree = "<group>"; };
		5C07F0BA248E8BA70022299E /* ExchangeRatesTests.swift */ = {isa = PBXFileReference; lastKnownFileType = sourcecode.swift; path = ExchangeRatesTests.swift; sourceTree = "<group>"; };
		5C07F0BC248E8C660022299E /* ExchangeRates.json */ = {isa = PBXFileReference; lastKnownFileType = text.json; path = ExchangeRates.json; sourceTree = "<group>"; };
		5C07F0C0248E8D0C0022299E /* DecodableTestCase.swift */ = {isa = PBXFileReference; lastKnownFileType = sourcecode.swift; path = DecodableTestCase.swift; sourceTree = "<group>"; };
		5C07F0C3248E8D4C0022299E /* Data+JSONFile.swift */ = {isa = PBXFileReference; lastKnownFileType = sourcecode.swift; path = "Data+JSONFile.swift"; sourceTree = "<group>"; };
		5C07F0C6248EA5500022299E /* XCTAssertEqualToAny.swift */ = {isa = PBXFileReference; lastKnownFileType = sourcecode.swift; path = XCTAssertEqualToAny.swift; sourceTree = "<group>"; };
		5C15697C249B5B170079AD1F /* UIView+ApplyRoundedCorners.swift */ = {isa = PBXFileReference; lastKnownFileType = sourcecode.swift; path = "UIView+ApplyRoundedCorners.swift"; sourceTree = "<group>"; };
		5C156980249B65080079AD1F /* UIView+ApplyShadow.swift */ = {isa = PBXFileReference; lastKnownFileType = sourcecode.swift; path = "UIView+ApplyShadow.swift"; sourceTree = "<group>"; };
		5C156983249B6A0F0079AD1F /* TabBarViewController.swift */ = {isa = PBXFileReference; lastKnownFileType = sourcecode.swift; path = TabBarViewController.swift; sourceTree = "<group>"; };
		5C156986249B72300079AD1F /* ShadowTabBar.swift */ = {isa = PBXFileReference; lastKnownFileType = sourcecode.swift; path = ShadowTabBar.swift; sourceTree = "<group>"; };
		5C156988249B758A0079AD1F /* Inter-Bold.otf */ = {isa = PBXFileReference; lastKnownFileType = file; path = "Inter-Bold.otf"; sourceTree = "<group>"; };
		5C17FAAC24B5AD8100013DDB /* WeatherCollectionViewCell.swift */ = {isa = PBXFileReference; lastKnownFileType = sourcecode.swift; path = WeatherCollectionViewCell.swift; sourceTree = "<group>"; };
		5C17FAAE24B5C89000013DDB /* WeatherViewController.swift */ = {isa = PBXFileReference; lastKnownFileType = sourcecode.swift; path = WeatherViewController.swift; sourceTree = "<group>"; };
		5C423DD024AA28530084427B /* ConverterTests.swift */ = {isa = PBXFileReference; lastKnownFileType = sourcecode.swift; path = ConverterTests.swift; sourceTree = "<group>"; };
		5C423DD324AA291F0084427B /* Converter.swift */ = {isa = PBXFileReference; lastKnownFileType = sourcecode.swift; path = Converter.swift; sourceTree = "<group>"; };
		5C423DD824AA60FF0084427B /* DeviseButton.swift */ = {isa = PBXFileReference; lastKnownFileType = sourcecode.swift; path = DeviseButton.swift; sourceTree = "<group>"; };
		5C48A4BD24B1DE4F00E884C2 /* ForecastManager.swift */ = {isa = PBXFileReference; lastKnownFileType = sourcecode.swift; path = ForecastManager.swift; sourceTree = "<group>"; };
		5C48A4BF24B1DF2700E884C2 /* ForecastManagerTests.swift */ = {isa = PBXFileReference; lastKnownFileType = sourcecode.swift; path = ForecastManagerTests.swift; sourceTree = "<group>"; };
		5C48A4C224B20C9E00E884C2 /* Date+FromString.swift */ = {isa = PBXFileReference; lastKnownFileType = sourcecode.swift; path = "Date+FromString.swift"; sourceTree = "<group>"; };
		5C48A4C424B20DED00E884C2 /* Date+ToString.swift */ = {isa = PBXFileReference; lastKnownFileType = sourcecode.swift; path = "Date+ToString.swift"; sourceTree = "<group>"; };
		5C48A4C624B21EA500E884C2 /* Temp.swift */ = {isa = PBXFileReference; lastKnownFileType = sourcecode.swift; path = Temp.swift; sourceTree = "<group>"; };
		5C48A4C824B22ED100E884C2 /* ForecastViewModel.swift */ = {isa = PBXFileReference; lastKnownFileType = sourcecode.swift; path = ForecastViewModel.swift; sourceTree = "<group>"; };
		5C48A4CA24B22F3E00E884C2 /* ForecastViewModelTests.swift */ = {isa = PBXFileReference; lastKnownFileType = sourcecode.swift; path = ForecastViewModelTests.swift; sourceTree = "<group>"; };
		5C6C13CD24AFBABE004BE476 /* Date+GetDayString.swift */ = {isa = PBXFileReference; lastKnownFileType = sourcecode.swift; path = "Date+GetDayString.swift"; sourceTree = "<group>"; };
		5C78909C2493CDA300CA7842 /* MockExchangeRatesService.swift */ = {isa = PBXFileReference; lastKnownFileType = sourcecode.swift; path = MockExchangeRatesService.swift; sourceTree = "<group>"; };
		5C7A579F24C1A7B7004A1B08 /* TranslatorViewController.swift */ = {isa = PBXFileReference; lastKnownFileType = sourcecode.swift; path = TranslatorViewController.swift; sourceTree = "<group>"; };
		5C8877C22493B9FC004E2A3A /* ExchangeRatesViewControllerTests.swift */ = {isa = PBXFileReference; lastKnownFileType = sourcecode.swift; path = ExchangeRatesViewControllerTests.swift; sourceTree = "<group>"; };
		5C8877C62493BD37004E2A3A /* UIViewController+StoryboardCreatable.swift */ = {isa = PBXFileReference; lastKnownFileType = sourcecode.swift; name = "UIViewController+StoryboardCreatable.swift"; path = "Le Baluchon/Extensions/StoryboardCreatable/UIViewController+StoryboardCreatable.swift"; sourceTree = SOURCE_ROOT; };
		5C8877C82493BD6E004E2A3A /* StoryboardCreatable.swift */ = {isa = PBXFileReference; lastKnownFileType = sourcecode.swift; name = StoryboardCreatable.swift; path = "Le Baluchon/Extensions/StoryboardCreatable/StoryboardCreatable.swift"; sourceTree = SOURCE_ROOT; };
		5C8877CC2493BDD6004E2A3A /* UIViewController+StoryboardCreatableTests.swift */ = {isa = PBXFileReference; lastKnownFileType = sourcecode.swift; path = "UIViewController+StoryboardCreatableTests.swift"; sourceTree = "<group>"; };
		5C8877CF2493BE3D004E2A3A /* TestViewController.swift */ = {isa = PBXFileReference; lastKnownFileType = sourcecode.swift; path = TestViewController.swift; sourceTree = "<group>"; };
		5C8877D12493BEC9004E2A3A /* TestViewController.xib */ = {isa = PBXFileReference; fileEncoding = 4; lastKnownFileType = file.xib; path = TestViewController.xib; sourceTree = "<group>"; };
		5C8877D22493BEC9004E2A3A /* TestView.xib */ = {isa = PBXFileReference; fileEncoding = 4; lastKnownFileType = file.xib; path = TestView.xib; sourceTree = "<group>"; };
		5C8877D32493BECA004E2A3A /* Main.storyboard */ = {isa = PBXFileReference; fileEncoding = 4; lastKnownFileType = file.storyboard; path = Main.storyboard; sourceTree = "<group>"; };
		5C8877D92493BEF1004E2A3A /* TestView.swift */ = {isa = PBXFileReference; lastKnownFileType = sourcecode.swift; path = TestView.swift; sourceTree = "<group>"; };
		5C8877DC2493C03D004E2A3A /* UIViewController+NibCreatable.swift */ = {isa = PBXFileReference; lastKnownFileType = sourcecode.swift; name = "UIViewController+NibCreatable.swift"; path = "Le Baluchon/Extensions/NibCreatable/UIViewController+NibCreatable.swift"; sourceTree = SOURCE_ROOT; };
		5C8877DE2493C053004E2A3A /* UIView+NibCreatable.swift */ = {isa = PBXFileReference; lastKnownFileType = sourcecode.swift; name = "UIView+NibCreatable.swift"; path = "Le Baluchon/Extensions/NibCreatable/UIView+NibCreatable.swift"; sourceTree = SOURCE_ROOT; };
		5C8877E02493C066004E2A3A /* NibCreatable.swift */ = {isa = PBXFileReference; lastKnownFileType = sourcecode.swift; name = NibCreatable.swift; path = "Le Baluchon/Extensions/NibCreatable/NibCreatable.swift"; sourceTree = SOURCE_ROOT; };
		5C9363A024990C9D00F0B9D8 /* Inter-Regular.otf */ = {isa = PBXFileReference; lastKnownFileType = file; path = "Inter-Regular.otf"; sourceTree = "<group>"; };
		5C9556D024C03B8000779D52 /* GoogleTranslate.swift */ = {isa = PBXFileReference; lastKnownFileType = sourcecode.swift; path = GoogleTranslate.swift; sourceTree = "<group>"; };
		5C9556D424C03F1500779D52 /* TranslationTests.swift */ = {isa = PBXFileReference; lastKnownFileType = sourcecode.swift; path = TranslationTests.swift; sourceTree = "<group>"; };
		5C9556D624C03F5700779D52 /* Translation.swift */ = {isa = PBXFileReference; lastKnownFileType = sourcecode.swift; path = Translation.swift; sourceTree = "<group>"; };
		5C9556D924C040A500779D52 /* Translation.json */ = {isa = PBXFileReference; lastKnownFileType = text.json; path = Translation.json; sourceTree = "<group>"; };
		5C9E17D02492694A00110F00 /* GET_ExchangeRates_MissingValuesResponse.json */ = {isa = PBXFileReference; lastKnownFileType = text.json; path = GET_ExchangeRates_MissingValuesResponse.json; sourceTree = "<group>"; };
		5CA130A724AE1CD000AAD98B /* MockURLSession.swift */ = {isa = PBXFileReference; lastKnownFileType = sourcecode.swift; path = MockURLSession.swift; sourceTree = "<group>"; };
		5CA130A924AE1CEB00AAD98B /* MockURLSessionDataTask.swift */ = {isa = PBXFileReference; lastKnownFileType = sourcecode.swift; path = MockURLSessionDataTask.swift; sourceTree = "<group>"; };
		5CA130AB24AE21DD00AAD98B /* NetworkClients.swift */ = {isa = PBXFileReference; lastKnownFileType = sourcecode.swift; path = NetworkClients.swift; sourceTree = "<group>"; };
		5CA130AD24AE22FC00AAD98B /* APIService.swift */ = {isa = PBXFileReference; lastKnownFileType = sourcecode.swift; path = APIService.swift; sourceTree = "<group>"; };
		5CA130AF24AE271A00AAD98B /* Fixer.swift */ = {isa = PBXFileReference; lastKnownFileType = sourcecode.swift; path = Fixer.swift; sourceTree = "<group>"; };
		5CA130B424AE2A1900AAD98B /* NetworkClientsTests.swift */ = {isa = PBXFileReference; lastKnownFileType = sourcecode.swift; path = NetworkClientsTests.swift; sourceTree = "<group>"; };
		5CAAEBF124AE3B000032B964 /* APIKeys.swift */ = {isa = PBXFileReference; lastKnownFileType = sourcecode.swift; path = APIKeys.swift; sourceTree = "<group>"; };
		5CAAEBF324AE46520032B964 /* OpenWeather.swift */ = {isa = PBXFileReference; lastKnownFileType = sourcecode.swift; path = OpenWeather.swift; sourceTree = "<group>"; };
		5CAAEBF824AF24DC0032B964 /* UIImage+aspectFitImage.swift */ = {isa = PBXFileReference; lastKnownFileType = sourcecode.swift; path = "UIImage+aspectFitImage.swift"; sourceTree = "<group>"; };
		5CAAEBFE24AF5AE00032B964 /* WeatherViewModel.swift */ = {isa = PBXFileReference; lastKnownFileType = sourcecode.swift; path = WeatherViewModel.swift; sourceTree = "<group>"; };
		5CAAEC0124AFAFE90032B964 /* WeatherViewModelTests.swift */ = {isa = PBXFileReference; lastKnownFileType = sourcecode.swift; path = WeatherViewModelTests.swift; sourceTree = "<group>"; };
		5CAED5DB249B91A000688729 /* CountryCollectionViewCell.swift */ = {isa = PBXFileReference; lastKnownFileType = sourcecode.swift; path = CountryCollectionViewCell.swift; sourceTree = "<group>"; };
		5CAED5DE249B91F200688729 /* UICollectionViewCell+Identifier.swift */ = {isa = PBXFileReference; lastKnownFileType = sourcecode.swift; path = "UICollectionViewCell+Identifier.swift"; sourceTree = "<group>"; };
		5CB7E58F248A1C9500E31A2B /* Le Baluchon.app */ = {isa = PBXFileReference; explicitFileType = wrapper.application; includeInIndex = 0; path = "Le Baluchon.app"; sourceTree = BUILT_PRODUCTS_DIR; };
		5CB7E592248A1C9500E31A2B /* AppDelegate.swift */ = {isa = PBXFileReference; lastKnownFileType = sourcecode.swift; path = AppDelegate.swift; sourceTree = "<group>"; };
		5CB7E599248A1C9500E31A2B /* Base */ = {isa = PBXFileReference; lastKnownFileType = file.storyboard; name = Base; path = Base.lproj/Main.storyboard; sourceTree = "<group>"; };
		5CB7E59B248A1C9600E31A2B /* Assets.xcassets */ = {isa = PBXFileReference; lastKnownFileType = folder.assetcatalog; path = Assets.xcassets; sourceTree = "<group>"; };
		5CB7E59E248A1C9600E31A2B /* Base */ = {isa = PBXFileReference; lastKnownFileType = file.storyboard; name = Base; path = Base.lproj/LaunchScreen.storyboard; sourceTree = "<group>"; };
		5CB7E5A0248A1C9600E31A2B /* Info.plist */ = {isa = PBXFileReference; lastKnownFileType = text.plist.xml; path = Info.plist; sourceTree = "<group>"; };
		5CB7E5A5248A1C9700E31A2B /* Le BaluchonTests.xctest */ = {isa = PBXFileReference; explicitFileType = wrapper.cfbundle; includeInIndex = 0; path = "Le BaluchonTests.xctest"; sourceTree = BUILT_PRODUCTS_DIR; };
		5CB7E5AB248A1C9700E31A2B /* Info.plist */ = {isa = PBXFileReference; lastKnownFileType = text.plist.xml; path = Info.plist; sourceTree = "<group>"; };
		5CB7E5BD248A483100E31A2B /* ExchangeRatesViewController.swift */ = {isa = PBXFileReference; lastKnownFileType = sourcecode.swift; path = ExchangeRatesViewController.swift; sourceTree = "<group>"; };
		5CBD68FD24ADD1EB00F24A2C /* TodayWeather.json */ = {isa = PBXFileReference; lastKnownFileType = text.json; path = TodayWeather.json; sourceTree = "<group>"; };
		5CBD690024ADD22E00F24A2C /* WeatherTests.swift */ = {isa = PBXFileReference; lastKnownFileType = sourcecode.swift; path = WeatherTests.swift; sourceTree = "<group>"; };
		5CBD690224ADD36300F24A2C /* TodayWeather.swift */ = {isa = PBXFileReference; lastKnownFileType = sourcecode.swift; path = TodayWeather.swift; sourceTree = "<group>"; };
		5CC7AA7A24B478A000F5CD88 /* ForecastTableViewCell.swift */ = {isa = PBXFileReference; lastKnownFileType = sourcecode.swift; path = ForecastTableViewCell.swift; sourceTree = "<group>"; };
		5CC7AA7C24B4808700F5CD88 /* UITableViewCell+Identifier.swift */ = {isa = PBXFileReference; lastKnownFileType = sourcecode.swift; path = "UITableViewCell+Identifier.swift"; sourceTree = "<group>"; };
		5CCCA0D9248F7A450089178B /* ExchangeRatesViewModel.swift */ = {isa = PBXFileReference; lastKnownFileType = sourcecode.swift; path = ExchangeRatesViewModel.swift; sourceTree = "<group>"; };
		5CCCA0DC248F7ACC0089178B /* ExchangeRatesViewModelTests.swift */ = {isa = PBXFileReference; lastKnownFileType = sourcecode.swift; path = ExchangeRatesViewModelTests.swift; sourceTree = "<group>"; };
		5CCCA0DE248F82540089178B /* TimeInterval+Calendar.swift */ = {isa = PBXFileReference; lastKnownFileType = sourcecode.swift; path = "TimeInterval+Calendar.swift"; sourceTree = "<group>"; };
		5CCCA0E0248F871B0089178B /* fr */ = {isa = PBXFileReference; lastKnownFileType = text.plist.strings; name = fr; path = fr.lproj/Main.strings; sourceTree = "<group>"; };
		5CCCA0E1248F871B0089178B /* fr */ = {isa = PBXFileReference; lastKnownFileType = text.plist.strings; name = fr; path = fr.lproj/LaunchScreen.strings; sourceTree = "<group>"; };
		5CCCA0E22490EB170089178B /* Currency.swift */ = {isa = PBXFileReference; lastKnownFileType = sourcecode.swift; path = Currency.swift; sourceTree = "<group>"; };
		5CEC03B424AB605B00C569AD /* ConverterView.swift */ = {isa = PBXFileReference; lastKnownFileType = sourcecode.swift; path = ConverterView.swift; sourceTree = "<group>"; };
		5CF4641B24AC62230043E6BA /* RangeReplaceableCollection+Rearrange.swift */ = {isa = PBXFileReference; lastKnownFileType = sourcecode.swift; path = "RangeReplaceableCollection+Rearrange.swift"; sourceTree = "<group>"; };
		5CF4641E24ACA06E0043E6BA /* UIImage+GetImage.swift */ = {isa = PBXFileReference; lastKnownFileType = sourcecode.swift; path = "UIImage+GetImage.swift"; sourceTree = "<group>"; };
		E7395889A2B2E39B55F85155 /* Pods_Le_Baluchon.framework */ = {isa = PBXFileReference; explicitFileType = wrapper.framework; includeInIndex = 0; path = Pods_Le_Baluchon.framework; sourceTree = BUILT_PRODUCTS_DIR; };
/* End PBXFileReference section */

/* Begin PBXFrameworksBuildPhase section */
		5CB7E58C248A1C9500E31A2B /* Frameworks */ = {
			isa = PBXFrameworksBuildPhase;
			buildActionMask = 2147483647;
			files = (
				B5C955D2365CE523DC532C2C /* Pods_Le_Baluchon.framework in Frameworks */,
			);
			runOnlyForDeploymentPostprocessing = 0;
		};
		5CB7E5A2248A1C9700E31A2B /* Frameworks */ = {
			isa = PBXFrameworksBuildPhase;
			buildActionMask = 2147483647;
			files = (
				A4DB8503EA3B70A88920C133 /* Pods_Le_BaluchonTests.framework in Frameworks */,
			);
			runOnlyForDeploymentPostprocessing = 0;
		};
/* End PBXFrameworksBuildPhase section */

/* Begin PBXGroup section */
		5C03321524B083D400F4D598 /* Identifiers */ = {
			isa = PBXGroup;
			children = (
				5C03321624B0841300F4D598 /* UICollectionViewCell+Identifier.swift */,
			);
			path = Identifiers;
			sourceTree = "<group>";
		};
		5C04592624C6DC3B000F8CFA /* Translator */ = {
			isa = PBXGroup;
			children = (
				5C04592724C6DC68000F8CFA /* TranslatorView.swift */,
			);
			path = Translator;
			sourceTree = "<group>";
		};
		5C07F0AF248E7DF30022299E /* Cases */ = {
			isa = PBXGroup;
			children = (
				5C8877C12493B9D4004E2A3A /* Controllers */,
				5C8877CA2493BDAD004E2A3A /* Extensions */,
				5C07F0B0248E7DFB0022299E /* Models */,
				5C07F0B1248E7E060022299E /* Networking */,
				5CCCA0DB248F7A4F0089178B /* ViewModels */,
			);
			path = Cases;
			sourceTree = "<group>";
		};
		5C07F0B0248E7DFB0022299E /* Models */ = {
			isa = PBXGroup;
			children = (
				5C9556D324C03EEB00779D52 /* GoogleTranslate */,
				5CBD68FF24ADD20900F24A2C /* Weather */,
				5CBD68F624ADD06B00F24A2C /* ExchangeRates */,
			);
			path = Models;
			sourceTree = "<group>";
		};
		5C07F0B1248E7E060022299E /* Networking */ = {
			isa = PBXGroup;
			children = (
				5CA130B424AE2A1900AAD98B /* NetworkClientsTests.swift */,
			);
			path = Networking;
			sourceTree = "<group>";
		};
		5C07F0B4248E7EDB0022299E /* Networking */ = {
			isa = PBXGroup;
			children = (
				5CAAEBF124AE3B000032B964 /* APIKeys.swift */,
				5CA130AD24AE22FC00AAD98B /* APIService.swift */,
				5CA130AF24AE271A00AAD98B /* Fixer.swift */,
				5CA130AB24AE21DD00AAD98B /* NetworkClients.swift */,
				5CAAEBF324AE46520032B964 /* OpenWeather.swift */,
				5C9556D024C03B8000779D52 /* GoogleTranslate.swift */,
			);
			path = Networking;
			sourceTree = "<group>";
		};
		5C07F0B7248E8AC30022299E /* Data */ = {
			isa = PBXGroup;
			children = (
				5C9556D824C0407700779D52 /* GoogleTranslate */,
				5CBD68FB24ADD1B100F24A2C /* Weather */,
				5CBD68FA24ADD17600F24A2C /* ExchangeRates */,
			);
			path = Data;
			sourceTree = "<group>";
		};
		5C07F0BE248E8CAE0022299E /* Test Types */ = {
			isa = PBXGroup;
			children = (
				5C07F0C2248E8D350022299E /* Extensions */,
				5C78909B2493CD5300CA7842 /* Mocks */,
				5C07F0BF248E8CF50022299E /* Protocols */,
				5C8877CE2493BE22004E2A3A /* Views */,
				5C07F0C5248EA5300022299E /* XCTest Additions */,
			);
			path = "Test Types";
			sourceTree = "<group>";
		};
		5C07F0BF248E8CF50022299E /* Protocols */ = {
			isa = PBXGroup;
			children = (
				5C07F0C0248E8D0C0022299E /* DecodableTestCase.swift */,
			);
			path = Protocols;
			sourceTree = "<group>";
		};
		5C07F0C2248E8D350022299E /* Extensions */ = {
			isa = PBXGroup;
			children = (
				5C07F0C3248E8D4C0022299E /* Data+JSONFile.swift */,
				5CCCA0DE248F82540089178B /* TimeInterval+Calendar.swift */,
			);
			path = Extensions;
			sourceTree = "<group>";
		};
		5C07F0C5248EA5300022299E /* XCTest Additions */ = {
			isa = PBXGroup;
			children = (
				5C07F0C6248EA5500022299E /* XCTAssertEqualToAny.swift */,
			);
			path = "XCTest Additions";
			sourceTree = "<group>";
		};
		5C15697B249B5A5C0079AD1F /* Rounded */ = {
			isa = PBXGroup;
			children = (
				5C15697C249B5B170079AD1F /* UIView+ApplyRoundedCorners.swift */,
			);
			path = Rounded;
			sourceTree = "<group>";
		};
		5C15697F249B64E60079AD1F /* Shadow */ = {
			isa = PBXGroup;
			children = (
				5C156980249B65080079AD1F /* UIView+ApplyShadow.swift */,
			);
			path = Shadow;
			sourceTree = "<group>";
		};
		5C156985249B71F80079AD1F /* TabBar */ = {
			isa = PBXGroup;
			children = (
				5C156986249B72300079AD1F /* ShadowTabBar.swift */,
			);
			path = TabBar;
			sourceTree = "<group>";
		};
		5C17FAB024B624E900013DDB /* TabBarViewController */ = {
			isa = PBXGroup;
			children = (
				5C156983249B6A0F0079AD1F /* TabBarViewController.swift */,
			);
			path = TabBarViewController;
			sourceTree = "<group>";
		};
		5C423DD724AA60DA0084427B /* Button */ = {
			isa = PBXGroup;
			children = (
				5C423DD824AA60FF0084427B /* DeviseButton.swift */,
			);
			path = Button;
			sourceTree = "<group>";
		};
		5C6C13CC24AFBA8F004BE476 /* Date */ = {
			isa = PBXGroup;
			children = (
				5C6C13CD24AFBABE004BE476 /* Date+GetDayString.swift */,
				5C48A4C224B20C9E00E884C2 /* Date+FromString.swift */,
				5C48A4C424B20DED00E884C2 /* Date+ToString.swift */,
			);
			path = Date;
			sourceTree = "<group>";
		};
		5C78909B2493CD5300CA7842 /* Mocks */ = {
			isa = PBXGroup;
			children = (
				5C78909C2493CDA300CA7842 /* MockExchangeRatesService.swift */,
				5CA130A724AE1CD000AAD98B /* MockURLSession.swift */,
				5CA130A924AE1CEB00AAD98B /* MockURLSessionDataTask.swift */,
			);
			path = Mocks;
			sourceTree = "<group>";
		};
		5C7A579E24C1A77C004A1B08 /* TranslatorViewController */ = {
			isa = PBXGroup;
			children = (
				5C7A579F24C1A7B7004A1B08 /* TranslatorViewController.swift */,
			);
			path = TranslatorViewController;
			sourceTree = "<group>";
		};
		5C8877C12493B9D4004E2A3A /* Controllers */ = {
			isa = PBXGroup;
			children = (
				5CBD68F524ADD06300F24A2C /* ExchangeRates */,
			);
			path = Controllers;
			sourceTree = "<group>";
		};
		5C8877C42493BD0B004E2A3A /* Extensions */ = {
			isa = PBXGroup;
			children = (
				5CF4641A24AC61EB0043E6BA /* Array */,
				5C6C13CC24AFBA8F004BE476 /* Date */,
				5CAED5DD249B91B800688729 /* Identifiers */,
				5C8877DB2493C02F004E2A3A /* NibCreatable */,
				5C15697B249B5A5C0079AD1F /* Rounded */,
				5C15697F249B64E60079AD1F /* Shadow */,
				5C8877C52493BD1E004E2A3A /* StoryboardCreatable */,
				5CF4641D24ACA0480043E6BA /* UIImage */,
			);
			path = Extensions;
			sourceTree = "<group>";
		};
		5C8877C52493BD1E004E2A3A /* StoryboardCreatable */ = {
			isa = PBXGroup;
			children = (
				5C8877C62493BD37004E2A3A /* UIViewController+StoryboardCreatable.swift */,
				5C8877C82493BD6E004E2A3A /* StoryboardCreatable.swift */,
			);
			path = StoryboardCreatable;
			sourceTree = "<group>";
		};
		5C8877CA2493BDAD004E2A3A /* Extensions */ = {
			isa = PBXGroup;
			children = (
				5C03321524B083D400F4D598 /* Identifiers */,
				5C8877CB2493BDC5004E2A3A /* StoryboardCreatable */,
			);
			path = Extensions;
			sourceTree = "<group>";
		};
		5C8877CB2493BDC5004E2A3A /* StoryboardCreatable */ = {
			isa = PBXGroup;
			children = (
				5C8877CC2493BDD6004E2A3A /* UIViewController+StoryboardCreatableTests.swift */,
			);
			path = StoryboardCreatable;
			sourceTree = "<group>";
		};
		5C8877CE2493BE22004E2A3A /* Views */ = {
			isa = PBXGroup;
			children = (
				5C8877D32493BECA004E2A3A /* Main.storyboard */,
				5C8877D92493BEF1004E2A3A /* TestView.swift */,
				5C8877D22493BEC9004E2A3A /* TestView.xib */,
				5C8877CF2493BE3D004E2A3A /* TestViewController.swift */,
				5C8877D12493BEC9004E2A3A /* TestViewController.xib */,
				5C03321824B0849C00F4D598 /* TestCollectionViewCell.swift */,
			);
			path = Views;
			sourceTree = "<group>";
		};
		5C8877DB2493C02F004E2A3A /* NibCreatable */ = {
			isa = PBXGroup;
			children = (
				5C8877DC2493C03D004E2A3A /* UIViewController+NibCreatable.swift */,
				5C8877DE2493C053004E2A3A /* UIView+NibCreatable.swift */,
				5C8877E02493C066004E2A3A /* NibCreatable.swift */,
			);
			path = NibCreatable;
			sourceTree = "<group>";
		};
		5C93639D2499094600F0B9D8 /* Fonts */ = {
			isa = PBXGroup;
			children = (
				5C9363A024990C9D00F0B9D8 /* Inter-Regular.otf */,
				5C156988249B758A0079AD1F /* Inter-Bold.otf */,
			);
			path = Fonts;
			sourceTree = "<group>";
		};
		5C9556D224C03EC200779D52 /* GoogleTranslate */ = {
			isa = PBXGroup;
			children = (
				5C9556D624C03F5700779D52 /* Translation.swift */,
				5C04592424C6C2CF000F8CFA /* TranslatedLang.swift */,
			);
			path = GoogleTranslate;
			sourceTree = "<group>";
		};
		5C9556D324C03EEB00779D52 /* GoogleTranslate */ = {
			isa = PBXGroup;
			children = (
				5C9556D424C03F1500779D52 /* TranslationTests.swift */,
			);
			path = GoogleTranslate;
			sourceTree = "<group>";
		};
		5C9556D824C0407700779D52 /* GoogleTranslate */ = {
			isa = PBXGroup;
			children = (
				5C9556D924C040A500779D52 /* Translation.json */,
			);
			path = GoogleTranslate;
			sourceTree = "<group>";
		};
		5CAAEBF524AE4BED0032B964 /* Weather */ = {
			isa = PBXGroup;
			children = (
				5C17FAAE24B5C89000013DDB /* WeatherViewController.swift */,
			);
			path = Weather;
			sourceTree = "<group>";
		};
		5CAAEBFD24AF5A410032B964 /* Weather */ = {
			isa = PBXGroup;
			children = (
				5CAAEBFE24AF5AE00032B964 /* WeatherViewModel.swift */,
				5C48A4C824B22ED100E884C2 /* ForecastViewModel.swift */,
			);
			path = Weather;
			sourceTree = "<group>";
		};
		5CAAEC0024AFAF960032B964 /* Weather */ = {
			isa = PBXGroup;
			children = (
				5CAAEC0124AFAFE90032B964 /* WeatherViewModelTests.swift */,
				5C48A4CA24B22F3E00E884C2 /* ForecastViewModelTests.swift */,
			);
			path = Weather;
			sourceTree = "<group>";
		};
		5CAED5DA249B917000688729 /* CollectionViewCells */ = {
			isa = PBXGroup;
			children = (
				5CAED5DB249B91A000688729 /* CountryCollectionViewCell.swift */,
				5C17FAAC24B5AD8100013DDB /* WeatherCollectionViewCell.swift */,
			);
			path = CollectionViewCells;
			sourceTree = "<group>";
		};
		5CAED5DD249B91B800688729 /* Identifiers */ = {
			isa = PBXGroup;
			children = (
				5CAED5DE249B91F200688729 /* UICollectionViewCell+Identifier.swift */,
				5CC7AA7C24B4808700F5CD88 /* UITableViewCell+Identifier.swift */,
			);
			path = Identifiers;
			sourceTree = "<group>";
		};
		5CB7E586248A1C9500E31A2B = {
			isa = PBXGroup;
			children = (
				5CB7E591248A1C9500E31A2B /* Le Baluchon */,
				5CB7E5A8248A1C9700E31A2B /* Le BaluchonTests */,
				5CB7E590248A1C9500E31A2B /* Products */,
				B930DF9E44C7F49B7EB5C9AC /* Pods */,
				D58DB3990FE4D89519355957 /* Frameworks */,
			);
			sourceTree = "<group>";
		};
		5CB7E590248A1C9500E31A2B /* Products */ = {
			isa = PBXGroup;
			children = (
				5CB7E58F248A1C9500E31A2B /* Le Baluchon.app */,
				5CB7E5A5248A1C9700E31A2B /* Le BaluchonTests.xctest */,
			);
			name = Products;
			sourceTree = "<group>";
		};
		5CB7E591248A1C9500E31A2B /* Le Baluchon */ = {
			isa = PBXGroup;
			children = (
				5CB7E5BB248A23DA00E31A2B /* AppDelegate */,
				5CB7E5B5248A234600E31A2B /* Controller */,
				5C8877C42493BD0B004E2A3A /* Extensions */,
				5CB7E5B4248A233300E31A2B /* Models */,
				5C07F0B4248E7EDB0022299E /* Networking */,
				5CB7E5B7248A235E00E31A2B /* Resources */,
				5CCCA0D8248F79DE0089178B /* ViewModels */,
				5CB7E5B6248A235200E31A2B /* Views */,
			);
			path = "Le Baluchon";
			sourceTree = "<group>";
		};
		5CB7E5A8248A1C9700E31A2B /* Le BaluchonTests */ = {
			isa = PBXGroup;
			children = (
				5C07F0AF248E7DF30022299E /* Cases */,
				5C07F0B7248E8AC30022299E /* Data */,
				5C07F0BE248E8CAE0022299E /* Test Types */,
				5CB7E5AB248A1C9700E31A2B /* Info.plist */,
			);
			path = "Le BaluchonTests";
			sourceTree = "<group>";
		};
		5CB7E5B4248A233300E31A2B /* Models */ = {
			isa = PBXGroup;
			children = (
				5C9556D224C03EC200779D52 /* GoogleTranslate */,
				5CBD68F224ADD03700F24A2C /* ExchangeRates */,
				5CBD68F924ADD0AD00F24A2C /* Weather */,
			);
			path = Models;
			sourceTree = "<group>";
		};
		5CB7E5B5248A234600E31A2B /* Controller */ = {
			isa = PBXGroup;
			children = (
				5C7A579E24C1A77C004A1B08 /* TranslatorViewController */,
				5CBD68F124ADD01500F24A2C /* ExchangeRates */,
				5C17FAB024B624E900013DDB /* TabBarViewController */,
				5CAAEBF524AE4BED0032B964 /* Weather */,
			);
			path = Controller;
			sourceTree = "<group>";
		};
		5CB7E5B6248A235200E31A2B /* Views */ = {
			isa = PBXGroup;
			children = (
				5C04592624C6DC3B000F8CFA /* Translator */,
				5C423DD724AA60DA0084427B /* Button */,
				5CAED5DA249B917000688729 /* CollectionViewCells */,
				5CEC03B324AB603D00C569AD /* ExchangeRates */,
				5CB7E5BC248A240700E31A2B /* Storyboards */,
				5C156985249B71F80079AD1F /* TabBar */,
				5CC7AA7924B4788200F5CD88 /* TableViewCells */,
			);
			path = Views;
			sourceTree = "<group>";
		};
		5CB7E5B7248A235E00E31A2B /* Resources */ = {
			isa = PBXGroup;
			children = (
				5CB7E59B248A1C9600E31A2B /* Assets.xcassets */,
				5C93639D2499094600F0B9D8 /* Fonts */,
				5CB7E5A0248A1C9600E31A2B /* Info.plist */,
			);
			path = Resources;
			sourceTree = "<group>";
		};
		5CB7E5BB248A23DA00E31A2B /* AppDelegate */ = {
			isa = PBXGroup;
			children = (
				5CB7E592248A1C9500E31A2B /* AppDelegate.swift */,
			);
			path = AppDelegate;
			sourceTree = "<group>";
		};
		5CB7E5BC248A240700E31A2B /* Storyboards */ = {
			isa = PBXGroup;
			children = (
				5CB7E59D248A1C9600E31A2B /* LaunchScreen.storyboard */,
				5CB7E598248A1C9500E31A2B /* Main.storyboard */,
			);
			path = Storyboards;
			sourceTree = "<group>";
		};
		5CBD68F124ADD01500F24A2C /* ExchangeRates */ = {
			isa = PBXGroup;
			children = (
				5CB7E5BD248A483100E31A2B /* ExchangeRatesViewController.swift */,
			);
			path = ExchangeRates;
			sourceTree = "<group>";
		};
		5CBD68F224ADD03700F24A2C /* ExchangeRates */ = {
			isa = PBXGroup;
			children = (
				5C07F0B8248E8B700022299E /* ExchangeRates.swift */,
				5CCCA0E22490EB170089178B /* Currency.swift */,
				5C423DD324AA291F0084427B /* Converter.swift */,
			);
			path = ExchangeRates;
			sourceTree = "<group>";
		};
		5CBD68F424ADD05000F24A2C /* ExchangeRates */ = {
			isa = PBXGroup;
			children = (
				5CCCA0D9248F7A450089178B /* ExchangeRatesViewModel.swift */,
			);
			path = ExchangeRates;
			sourceTree = "<group>";
		};
		5CBD68F524ADD06300F24A2C /* ExchangeRates */ = {
			isa = PBXGroup;
			children = (
				5C8877C22493B9FC004E2A3A /* ExchangeRatesViewControllerTests.swift */,
			);
			path = ExchangeRates;
			sourceTree = "<group>";
		};
		5CBD68F624ADD06B00F24A2C /* ExchangeRates */ = {
			isa = PBXGroup;
			children = (
				5C07F0BA248E8BA70022299E /* ExchangeRatesTests.swift */,
				5C423DD024AA28530084427B /* ConverterTests.swift */,
			);
			path = ExchangeRates;
			sourceTree = "<group>";
		};
		5CBD68F824ADD07E00F24A2C /* ExchangeRates */ = {
			isa = PBXGroup;
			children = (
				5CCCA0DC248F7ACC0089178B /* ExchangeRatesViewModelTests.swift */,
			);
			path = ExchangeRates;
			sourceTree = "<group>";
		};
		5CBD68F924ADD0AD00F24A2C /* Weather */ = {
			isa = PBXGroup;
			children = (
				5CBD690224ADD36300F24A2C /* TodayWeather.swift */,
				5C03321324B06D5C00F4D598 /* WeatherCondition.swift */,
				5C03321A24B091F700F4D598 /* ForecastWeather.swift */,
				5C48A4BD24B1DE4F00E884C2 /* ForecastManager.swift */,
				5C48A4C624B21EA500E884C2 /* Temp.swift */,
			);
			path = Weather;
			sourceTree = "<group>";
		};
		5CBD68FA24ADD17600F24A2C /* ExchangeRates */ = {
			isa = PBXGroup;
			children = (
				5C07F0BC248E8C660022299E /* ExchangeRates.json */,
				5C9E17D02492694A00110F00 /* GET_ExchangeRates_MissingValuesResponse.json */,
			);
			path = ExchangeRates;
			sourceTree = "<group>";
		};
		5CBD68FB24ADD1B100F24A2C /* Weather */ = {
			isa = PBXGroup;
			children = (
				5CBD68FD24ADD1EB00F24A2C /* TodayWeather.json */,
				5C03321F24B0987200F4D598 /* ForecastWeather.json */,
			);
			path = Weather;
			sourceTree = "<group>";
		};
		5CBD68FF24ADD20900F24A2C /* Weather */ = {
			isa = PBXGroup;
			children = (
				5CBD690024ADD22E00F24A2C /* WeatherTests.swift */,
				5C03321D24B0921E00F4D598 /* ForecastWeatherTests.swift */,
				5C48A4BF24B1DF2700E884C2 /* ForecastManagerTests.swift */,
			);
			path = Weather;
			sourceTree = "<group>";
		};
		5CC7AA7924B4788200F5CD88 /* TableViewCells */ = {
			isa = PBXGroup;
			children = (
				5CC7AA7A24B478A000F5CD88 /* ForecastTableViewCell.swift */,
			);
			path = TableViewCells;
			sourceTree = "<group>";
		};
		5CCCA0D8248F79DE0089178B /* ViewModels */ = {
			isa = PBXGroup;
			children = (
				5CBD68F424ADD05000F24A2C /* ExchangeRates */,
				5CAAEBFD24AF5A410032B964 /* Weather */,
			);
			path = ViewModels;
			sourceTree = "<group>";
		};
		5CCCA0DB248F7A4F0089178B /* ViewModels */ = {
			isa = PBXGroup;
			children = (
				5CAAEC0024AFAF960032B964 /* Weather */,
				5CBD68F824ADD07E00F24A2C /* ExchangeRates */,
			);
			path = ViewModels;
			sourceTree = "<group>";
		};
		5CEC03B324AB603D00C569AD /* ExchangeRates */ = {
			isa = PBXGroup;
			children = (
				5CEC03B424AB605B00C569AD /* ConverterView.swift */,
			);
			path = ExchangeRates;
			sourceTree = "<group>";
		};
		5CF4641A24AC61EB0043E6BA /* Array */ = {
			isa = PBXGroup;
			children = (
				5CF4641B24AC62230043E6BA /* RangeReplaceableCollection+Rearrange.swift */,
			);
			path = Array;
			sourceTree = "<group>";
		};
		5CF4641D24ACA0480043E6BA /* UIImage */ = {
			isa = PBXGroup;
			children = (
				5CF4641E24ACA06E0043E6BA /* UIImage+GetImage.swift */,
				5CAAEBF824AF24DC0032B964 /* UIImage+aspectFitImage.swift */,
			);
			path = UIImage;
			sourceTree = "<group>";
		};
		B930DF9E44C7F49B7EB5C9AC /* Pods */ = {
			isa = PBXGroup;
			children = (
				18DE6B4A4ECAA78375E37129 /* Pods-Le Baluchon.debug.xcconfig */,
				4A54247FA5734C8D917FD48F /* Pods-Le Baluchon.release.xcconfig */,
				1117ACE71B770D7102B25A97 /* Pods-Le BaluchonTests.debug.xcconfig */,
				0D18558D45942C130D35BDB6 /* Pods-Le BaluchonTests.release.xcconfig */,
			);
			name = Pods;
			sourceTree = "<group>";
		};
		D58DB3990FE4D89519355957 /* Frameworks */ = {
			isa = PBXGroup;
			children = (
				E7395889A2B2E39B55F85155 /* Pods_Le_Baluchon.framework */,
				3089E2917271B697DB04166A /* Pods_Le_BaluchonTests.framework */,
			);
			name = Frameworks;
			sourceTree = "<group>";
		};
/* End PBXGroup section */

/* Begin PBXNativeTarget section */
		5CB7E58E248A1C9500E31A2B /* Le Baluchon */ = {
			isa = PBXNativeTarget;
			buildConfigurationList = 5CB7E5AE248A1C9700E31A2B /* Build configuration list for PBXNativeTarget "Le Baluchon" */;
			buildPhases = (
				C11409777F32ADCE7981BB4C /* [CP] Check Pods Manifest.lock */,
				5CB7E58B248A1C9500E31A2B /* Sources */,
				5CB7E58C248A1C9500E31A2B /* Frameworks */,
				5CB7E58D248A1C9500E31A2B /* Resources */,
				AF7F3A5EF5175F17D612729D /* [CP] Embed Pods Frameworks */,
			);
			buildRules = (
			);
			dependencies = (
			);
			name = "Le Baluchon";
			productName = "Le Baluchon";
			productReference = 5CB7E58F248A1C9500E31A2B /* Le Baluchon.app */;
			productType = "com.apple.product-type.application";
		};
		5CB7E5A4248A1C9700E31A2B /* Le BaluchonTests */ = {
			isa = PBXNativeTarget;
			buildConfigurationList = 5CB7E5B1248A1C9700E31A2B /* Build configuration list for PBXNativeTarget "Le BaluchonTests" */;
			buildPhases = (
				D8E58C7F8C3EECE3EFC86A35 /* [CP] Check Pods Manifest.lock */,
				5CB7E5A1248A1C9700E31A2B /* Sources */,
				5CB7E5A2248A1C9700E31A2B /* Frameworks */,
				5CB7E5A3248A1C9700E31A2B /* Resources */,
			);
			buildRules = (
			);
			dependencies = (
				5CB7E5A7248A1C9700E31A2B /* PBXTargetDependency */,
			);
			name = "Le BaluchonTests";
			productName = "Le BaluchonTests";
			productReference = 5CB7E5A5248A1C9700E31A2B /* Le BaluchonTests.xctest */;
			productType = "com.apple.product-type.bundle.unit-test";
		};
/* End PBXNativeTarget section */

/* Begin PBXProject section */
		5CB7E587248A1C9500E31A2B /* Project object */ = {
			isa = PBXProject;
			attributes = {
				LastSwiftUpdateCheck = 1130;
				LastUpgradeCheck = 1210;
				ORGANIZATIONNAME = Mabayon;
				TargetAttributes = {
					5CB7E58E248A1C9500E31A2B = {
						CreatedOnToolsVersion = 11.3.1;
					};
					5CB7E5A4248A1C9700E31A2B = {
						CreatedOnToolsVersion = 11.3.1;
						LastSwiftMigration = 1130;
						TestTargetID = 5CB7E58E248A1C9500E31A2B;
					};
				};
			};
			buildConfigurationList = 5CB7E58A248A1C9500E31A2B /* Build configuration list for PBXProject "Le Baluchon" */;
			compatibilityVersion = "Xcode 9.3";
			developmentRegion = en;
			hasScannedForEncodings = 0;
			knownRegions = (
				en,
				Base,
				fr,
			);
			mainGroup = 5CB7E586248A1C9500E31A2B;
			productRefGroup = 5CB7E590248A1C9500E31A2B /* Products */;
			projectDirPath = "";
			projectRoot = "";
			targets = (
				5CB7E58E248A1C9500E31A2B /* Le Baluchon */,
				5CB7E5A4248A1C9700E31A2B /* Le BaluchonTests */,
			);
		};
/* End PBXProject section */

/* Begin PBXResourcesBuildPhase section */
		5CB7E58D248A1C9500E31A2B /* Resources */ = {
			isa = PBXResourcesBuildPhase;
			buildActionMask = 2147483647;
			files = (
				5CB7E59F248A1C9600E31A2B /* LaunchScreen.storyboard in Resources */,
				5C31A16F25545CC00056FC7E /* Main.storyboard in Resources */,
				5C156989249B758A0079AD1F /* Inter-Bold.otf in Resources */,
				5C9363A124990CAA00F0B9D8 /* Inter-Regular.otf in Resources */,
				5CB7E59C248A1C9600E31A2B /* Assets.xcassets in Resources */,
			);
			runOnlyForDeploymentPostprocessing = 0;
		};
		5CB7E5A3248A1C9700E31A2B /* Resources */ = {
			isa = PBXResourcesBuildPhase;
			buildActionMask = 2147483647;
			files = (
				5CBD68FE24ADD1EB00F24A2C /* TodayWeather.json in Resources */,
				5C7890982493C51C00CA7842 /* Main.storyboard in Resources */,
				5C07F0BD248E8C660022299E /* ExchangeRates.json in Resources */,
				5C9E17D12492694A00110F00 /* GET_ExchangeRates_MissingValuesResponse.json in Resources */,
				5C9556DA24C040A500779D52 /* Translation.json in Resources */,
				5C03322024B0987200F4D598 /* ForecastWeather.json in Resources */,
			);
			runOnlyForDeploymentPostprocessing = 0;
		};
/* End PBXResourcesBuildPhase section */

/* Begin PBXShellScriptBuildPhase section */
		AF7F3A5EF5175F17D612729D /* [CP] Embed Pods Frameworks */ = {
			isa = PBXShellScriptBuildPhase;
			buildActionMask = 2147483647;
			files = (
			);
			inputFileListPaths = (
				"${PODS_ROOT}/Target Support Files/Pods-Le Baluchon/Pods-Le Baluchon-frameworks-${CONFIGURATION}-input-files.xcfilelist",
			);
			name = "[CP] Embed Pods Frameworks";
			outputFileListPaths = (
				"${PODS_ROOT}/Target Support Files/Pods-Le Baluchon/Pods-Le Baluchon-frameworks-${CONFIGURATION}-output-files.xcfilelist",
			);
			runOnlyForDeploymentPostprocessing = 0;
			shellPath = /bin/sh;
			shellScript = "\"${PODS_ROOT}/Target Support Files/Pods-Le Baluchon/Pods-Le Baluchon-frameworks.sh\"\n";
			showEnvVarsInLog = 0;
		};
		C11409777F32ADCE7981BB4C /* [CP] Check Pods Manifest.lock */ = {
			isa = PBXShellScriptBuildPhase;
			buildActionMask = 2147483647;
			files = (
			);
			inputPaths = (
				"${PODS_PODFILE_DIR_PATH}/Podfile.lock",
				"${PODS_ROOT}/Manifest.lock",
			);
			name = "[CP] Check Pods Manifest.lock";
			outputPaths = (
				"$(DERIVED_FILE_DIR)/Pods-Le Baluchon-checkManifestLockResult.txt",
			);
			runOnlyForDeploymentPostprocessing = 0;
			shellPath = /bin/sh;
			shellScript = "diff \"${PODS_PODFILE_DIR_PATH}/Podfile.lock\" \"${PODS_ROOT}/Manifest.lock\" > /dev/null\nif [ $? != 0 ] ; then\n    # print error to STDERR\n    echo \"error: The sandbox is not in sync with the Podfile.lock. Run 'pod install' or update your CocoaPods installation.\" >&2\n    exit 1\nfi\n# This output is used by Xcode 'outputs' to avoid re-running this script phase.\necho \"SUCCESS\" > \"${SCRIPT_OUTPUT_FILE_0}\"\n";
			showEnvVarsInLog = 0;
		};
		D8E58C7F8C3EECE3EFC86A35 /* [CP] Check Pods Manifest.lock */ = {
			isa = PBXShellScriptBuildPhase;
			buildActionMask = 2147483647;
			files = (
			);
			inputPaths = (
				"${PODS_PODFILE_DIR_PATH}/Podfile.lock",
				"${PODS_ROOT}/Manifest.lock",
			);
			name = "[CP] Check Pods Manifest.lock";
			outputPaths = (
				"$(DERIVED_FILE_DIR)/Pods-Le BaluchonTests-checkManifestLockResult.txt",
			);
			runOnlyForDeploymentPostprocessing = 0;
			shellPath = /bin/sh;
			shellScript = "diff \"${PODS_PODFILE_DIR_PATH}/Podfile.lock\" \"${PODS_ROOT}/Manifest.lock\" > /dev/null\nif [ $? != 0 ] ; then\n    # print error to STDERR\n    echo \"error: The sandbox is not in sync with the Podfile.lock. Run 'pod install' or update your CocoaPods installation.\" >&2\n    exit 1\nfi\n# This output is used by Xcode 'outputs' to avoid re-running this script phase.\necho \"SUCCESS\" > \"${SCRIPT_OUTPUT_FILE_0}\"\n";
			showEnvVarsInLog = 0;
		};
/* End PBXShellScriptBuildPhase section */

/* Begin PBXSourcesBuildPhase section */
		5CB7E58B248A1C9500E31A2B /* Sources */ = {
			isa = PBXSourcesBuildPhase;
			buildActionMask = 2147483647;
			files = (
				5C8877C92493BD6E004E2A3A /* StoryboardCreatable.swift in Sources */,
				5CCCA0DA248F7A450089178B /* ExchangeRatesViewModel.swift in Sources */,
				5C48A4BE24B1DE4F00E884C2 /* ForecastManager.swift in Sources */,
				5CF4641F24ACA06E0043E6BA /* UIImage+GetImage.swift in Sources */,
				5C156984249B6A0F0079AD1F /* TabBarViewController.swift in Sources */,
				5C03321424B06D5C00F4D598 /* WeatherCondition.swift in Sources */,
				5CA130AE24AE22FC00AAD98B /* APIService.swift in Sources */,
				5C48A4C724B21EA500E884C2 /* Temp.swift in Sources */,
				5CAAEBF224AE3B000032B964 /* APIKeys.swift in Sources */,
				5C48A4C924B22ED100E884C2 /* ForecastViewModel.swift in Sources */,
				5CAAEBF424AE46520032B964 /* OpenWeather.swift in Sources */,
				5C48A4C324B20C9E00E884C2 /* Date+FromString.swift in Sources */,
				5C04592824C6DC68000F8CFA /* TranslatorView.swift in Sources */,
				5CAED5DC249B91A000688729 /* CountryCollectionViewCell.swift in Sources */,
				5C423DD424AA291F0084427B /* Converter.swift in Sources */,
				5C156987249B72300079AD1F /* ShadowTabBar.swift in Sources */,
				5CC7AA7B24B478A000F5CD88 /* ForecastTableViewCell.swift in Sources */,
				5C6C13CE24AFBABE004BE476 /* Date+GetDayString.swift in Sources */,
				5CAED5DF249B91F200688729 /* UICollectionViewCell+Identifier.swift in Sources */,
				5C15697D249B5B170079AD1F /* UIView+ApplyRoundedCorners.swift in Sources */,
				5C423DD924AA60FF0084427B /* DeviseButton.swift in Sources */,
				5CAAEC0324AFB2880032B964 /* TodayWeather.swift in Sources */,
				5CEC03B524AB605B00C569AD /* ConverterView.swift in Sources */,
				5CB7E5BE248A483100E31A2B /* ExchangeRatesViewController.swift in Sources */,
				5C04592524C6C2CF000F8CFA /* TranslatedLang.swift in Sources */,
				5C17FAAF24B5C89000013DDB /* WeatherViewController.swift in Sources */,
				5C9556D724C03F5700779D52 /* Translation.swift in Sources */,
				5C9556D124C03B8000779D52 /* GoogleTranslate.swift in Sources */,
				5C17FAAD24B5AD8100013DDB /* WeatherCollectionViewCell.swift in Sources */,
				5C7A57A024C1A7B7004A1B08 /* TranslatorViewController.swift in Sources */,
				5CAAEBFF24AF5AE00032B964 /* WeatherViewModel.swift in Sources */,
				5CA130AC24AE21DD00AAD98B /* NetworkClients.swift in Sources */,
				5CF4641C24AC62230043E6BA /* RangeReplaceableCollection+Rearrange.swift in Sources */,
				5C03321B24B091F700F4D598 /* ForecastWeather.swift in Sources */,
				5C156981249B65080079AD1F /* UIView+ApplyShadow.swift in Sources */,
				5CC7AA7D24B4808700F5CD88 /* UITableViewCell+Identifier.swift in Sources */,
				5C48A4C524B20DED00E884C2 /* Date+ToString.swift in Sources */,
				5C07F0B9248E8B700022299E /* ExchangeRates.swift in Sources */,
				5CA130B024AE271A00AAD98B /* Fixer.swift in Sources */,
				5CB7E593248A1C9500E31A2B /* AppDelegate.swift in Sources */,
				5CCCA0E32490EB170089178B /* Currency.swift in Sources */,
				5C8877C72493BD37004E2A3A /* UIViewController+StoryboardCreatable.swift in Sources */,
				5CAAEBF924AF24DC0032B964 /* UIImage+aspectFitImage.swift in Sources */,
			);
			runOnlyForDeploymentPostprocessing = 0;
		};
		5CB7E5A1248A1C9700E31A2B /* Sources */ = {
			isa = PBXSourcesBuildPhase;
			buildActionMask = 2147483647;
			files = (
				5CA130A824AE1CD000AAD98B /* MockURLSession.swift in Sources */,
				5C9556D524C03F1500779D52 /* TranslationTests.swift in Sources */,
				5C48A4CB24B22F3E00E884C2 /* ForecastViewModelTests.swift in Sources */,
				5CBD690124ADD22E00F24A2C /* WeatherTests.swift in Sources */,
				5C8877D02493BE3D004E2A3A /* TestViewController.swift in Sources */,
				5C03321E24B0921F00F4D598 /* ForecastWeatherTests.swift in Sources */,
				5CA130AA24AE1CEB00AAD98B /* MockURLSessionDataTask.swift in Sources */,
				5C8877CD2493BDD6004E2A3A /* UIViewController+StoryboardCreatableTests.swift in Sources */,
				5CAAEC0224AFAFE90032B964 /* WeatherViewModelTests.swift in Sources */,
				5C8877DA2493BEF1004E2A3A /* TestView.swift in Sources */,
				5C03321724B0841300F4D598 /* UICollectionViewCell+Identifier.swift in Sources */,
				5C07F0C7248EA5500022299E /* XCTAssertEqualToAny.swift in Sources */,
				5C03321924B0849C00F4D598 /* TestCollectionViewCell.swift in Sources */,
				5C48A4C024B1DF2700E884C2 /* ForecastManagerTests.swift in Sources */,
				5C07F0C4248E8D4C0022299E /* Data+JSONFile.swift in Sources */,
				5CA130B524AE2A1900AAD98B /* NetworkClientsTests.swift in Sources */,
				5C78909D2493CDA300CA7842 /* MockExchangeRatesService.swift in Sources */,
				5CCCA0DD248F7ACC0089178B /* ExchangeRatesViewModelTests.swift in Sources */,
				5CCCA0DF248F82540089178B /* TimeInterval+Calendar.swift in Sources */,
				5C8877C32493B9FC004E2A3A /* ExchangeRatesViewControllerTests.swift in Sources */,
				5C07F0C1248E8D0C0022299E /* DecodableTestCase.swift in Sources */,
				5C423DD124AA28530084427B /* ConverterTests.swift in Sources */,
				5C07F0BB248E8BA70022299E /* ExchangeRatesTests.swift in Sources */,
			);
			runOnlyForDeploymentPostprocessing = 0;
		};
/* End PBXSourcesBuildPhase section */

/* Begin PBXTargetDependency section */
		5CB7E5A7248A1C9700E31A2B /* PBXTargetDependency */ = {
			isa = PBXTargetDependency;
			target = 5CB7E58E248A1C9500E31A2B /* Le Baluchon */;
			targetProxy = 5CB7E5A6248A1C9700E31A2B /* PBXContainerItemProxy */;
		};
/* End PBXTargetDependency section */

/* Begin PBXVariantGroup section */
		5CB7E598248A1C9500E31A2B /* Main.storyboard */ = {
			isa = PBXVariantGroup;
			children = (
				5CB7E599248A1C9500E31A2B /* Base */,
				5CCCA0E0248F871B0089178B /* fr */,
			);
			name = Main.storyboard;
			sourceTree = "<group>";
		};
		5CB7E59D248A1C9600E31A2B /* LaunchScreen.storyboard */ = {
			isa = PBXVariantGroup;
			children = (
				5CB7E59E248A1C9600E31A2B /* Base */,
				5CCCA0E1248F871B0089178B /* fr */,
			);
			name = LaunchScreen.storyboard;
			sourceTree = "<group>";
		};
/* End PBXVariantGroup section */

/* Begin XCBuildConfiguration section */
		5CB7E5AC248A1C9700E31A2B /* Debug */ = {
			isa = XCBuildConfiguration;
			buildSettings = {
				ALWAYS_SEARCH_USER_PATHS = NO;
				CLANG_ANALYZER_LOCALIZABILITY_NONLOCALIZED = YES;
				CLANG_ANALYZER_NONNULL = YES;
				CLANG_ANALYZER_NUMBER_OBJECT_CONVERSION = YES_AGGRESSIVE;
				CLANG_CXX_LANGUAGE_STANDARD = "gnu++14";
				CLANG_CXX_LIBRARY = "libc++";
				CLANG_ENABLE_MODULES = YES;
				CLANG_ENABLE_OBJC_ARC = YES;
				CLANG_ENABLE_OBJC_WEAK = YES;
				CLANG_WARN_BLOCK_CAPTURE_AUTORELEASING = YES;
				CLANG_WARN_BOOL_CONVERSION = YES;
				CLANG_WARN_COMMA = YES;
				CLANG_WARN_CONSTANT_CONVERSION = YES;
				CLANG_WARN_DEPRECATED_OBJC_IMPLEMENTATIONS = YES;
				CLANG_WARN_DIRECT_OBJC_ISA_USAGE = YES_ERROR;
				CLANG_WARN_DOCUMENTATION_COMMENTS = YES;
				CLANG_WARN_EMPTY_BODY = YES;
				CLANG_WARN_ENUM_CONVERSION = YES;
				CLANG_WARN_INFINITE_RECURSION = YES;
				CLANG_WARN_INT_CONVERSION = YES;
				CLANG_WARN_NON_LITERAL_NULL_CONVERSION = YES;
				CLANG_WARN_OBJC_IMPLICIT_RETAIN_SELF = YES;
				CLANG_WARN_OBJC_LITERAL_CONVERSION = YES;
				CLANG_WARN_OBJC_ROOT_CLASS = YES_ERROR;
				CLANG_WARN_QUOTED_INCLUDE_IN_FRAMEWORK_HEADER = YES;
				CLANG_WARN_RANGE_LOOP_ANALYSIS = YES;
				CLANG_WARN_STRICT_PROTOTYPES = YES;
				CLANG_WARN_SUSPICIOUS_MOVE = YES;
				CLANG_WARN_UNGUARDED_AVAILABILITY = YES_AGGRESSIVE;
				CLANG_WARN_UNREACHABLE_CODE = YES;
				CLANG_WARN__DUPLICATE_METHOD_MATCH = YES;
				COPY_PHASE_STRIP = NO;
				DEBUG_INFORMATION_FORMAT = dwarf;
				ENABLE_STRICT_OBJC_MSGSEND = YES;
				ENABLE_TESTABILITY = YES;
				GCC_C_LANGUAGE_STANDARD = gnu11;
				GCC_DYNAMIC_NO_PIC = NO;
				GCC_NO_COMMON_BLOCKS = YES;
				GCC_OPTIMIZATION_LEVEL = 0;
				GCC_PREPROCESSOR_DEFINITIONS = (
					"DEBUG=1",
					"$(inherited)",
				);
				GCC_WARN_64_TO_32_BIT_CONVERSION = YES;
				GCC_WARN_ABOUT_RETURN_TYPE = YES_ERROR;
				GCC_WARN_UNDECLARED_SELECTOR = YES;
				GCC_WARN_UNINITIALIZED_AUTOS = YES_AGGRESSIVE;
				GCC_WARN_UNUSED_FUNCTION = YES;
				GCC_WARN_UNUSED_VARIABLE = YES;
				IPHONEOS_DEPLOYMENT_TARGET = 12.0;
				MTL_ENABLE_DEBUG_INFO = INCLUDE_SOURCE;
				MTL_FAST_MATH = YES;
				ONLY_ACTIVE_ARCH = YES;
				SDKROOT = iphoneos;
				SWIFT_ACTIVE_COMPILATION_CONDITIONS = DEBUG;
				SWIFT_OPTIMIZATION_LEVEL = "-Onone";
			};
			name = Debug;
		};
		5CB7E5AD248A1C9700E31A2B /* Release */ = {
			isa = XCBuildConfiguration;
			buildSettings = {
				ALWAYS_SEARCH_USER_PATHS = NO;
				CLANG_ANALYZER_LOCALIZABILITY_NONLOCALIZED = YES;
				CLANG_ANALYZER_NONNULL = YES;
				CLANG_ANALYZER_NUMBER_OBJECT_CONVERSION = YES_AGGRESSIVE;
				CLANG_CXX_LANGUAGE_STANDARD = "gnu++14";
				CLANG_CXX_LIBRARY = "libc++";
				CLANG_ENABLE_MODULES = YES;
				CLANG_ENABLE_OBJC_ARC = YES;
				CLANG_ENABLE_OBJC_WEAK = YES;
				CLANG_WARN_BLOCK_CAPTURE_AUTORELEASING = YES;
				CLANG_WARN_BOOL_CONVERSION = YES;
				CLANG_WARN_COMMA = YES;
				CLANG_WARN_CONSTANT_CONVERSION = YES;
				CLANG_WARN_DEPRECATED_OBJC_IMPLEMENTATIONS = YES;
				CLANG_WARN_DIRECT_OBJC_ISA_USAGE = YES_ERROR;
				CLANG_WARN_DOCUMENTATION_COMMENTS = YES;
				CLANG_WARN_EMPTY_BODY = YES;
				CLANG_WARN_ENUM_CONVERSION = YES;
				CLANG_WARN_INFINITE_RECURSION = YES;
				CLANG_WARN_INT_CONVERSION = YES;
				CLANG_WARN_NON_LITERAL_NULL_CONVERSION = YES;
				CLANG_WARN_OBJC_IMPLICIT_RETAIN_SELF = YES;
				CLANG_WARN_OBJC_LITERAL_CONVERSION = YES;
				CLANG_WARN_OBJC_ROOT_CLASS = YES_ERROR;
				CLANG_WARN_QUOTED_INCLUDE_IN_FRAMEWORK_HEADER = YES;
				CLANG_WARN_RANGE_LOOP_ANALYSIS = YES;
				CLANG_WARN_STRICT_PROTOTYPES = YES;
				CLANG_WARN_SUSPICIOUS_MOVE = YES;
				CLANG_WARN_UNGUARDED_AVAILABILITY = YES_AGGRESSIVE;
				CLANG_WARN_UNREACHABLE_CODE = YES;
				CLANG_WARN__DUPLICATE_METHOD_MATCH = YES;
				COPY_PHASE_STRIP = NO;
				DEBUG_INFORMATION_FORMAT = "dwarf-with-dsym";
				ENABLE_NS_ASSERTIONS = NO;
				ENABLE_STRICT_OBJC_MSGSEND = YES;
				GCC_C_LANGUAGE_STANDARD = gnu11;
				GCC_NO_COMMON_BLOCKS = YES;
				GCC_WARN_64_TO_32_BIT_CONVERSION = YES;
				GCC_WARN_ABOUT_RETURN_TYPE = YES_ERROR;
				GCC_WARN_UNDECLARED_SELECTOR = YES;
				GCC_WARN_UNINITIALIZED_AUTOS = YES_AGGRESSIVE;
				GCC_WARN_UNUSED_FUNCTION = YES;
				GCC_WARN_UNUSED_VARIABLE = YES;
				IPHONEOS_DEPLOYMENT_TARGET = 12.0;
				MTL_ENABLE_DEBUG_INFO = NO;
				MTL_FAST_MATH = YES;
				SDKROOT = iphoneos;
				SWIFT_COMPILATION_MODE = wholemodule;
				SWIFT_OPTIMIZATION_LEVEL = "-O";
				VALIDATE_PRODUCT = YES;
			};
			name = Release;
		};
		5CB7E5AF248A1C9700E31A2B /* Debug */ = {
			isa = XCBuildConfiguration;
			baseConfigurationReference = 18DE6B4A4ECAA78375E37129 /* Pods-Le Baluchon.debug.xcconfig */;
			buildSettings = {
				ASSETCATALOG_COMPILER_APPICON_NAME = AppIcon;
				CODE_SIGN_STYLE = Automatic;
				DEVELOPMENT_TEAM = NF2Q637UQ4;
				INFOPLIST_FILE = "Le Baluchon/Resources/Info.plist";
				IPHONEOS_DEPLOYMENT_TARGET = 12.0;
				LD_RUNPATH_SEARCH_PATHS = (
					"$(inherited)",
					"@executable_path/Frameworks",
				);
				PRODUCT_BUNDLE_IDENTIFIER = "com.mabayon.Le-Baluchon";
				PRODUCT_NAME = "$(TARGET_NAME)";
				SWIFT_VERSION = 5.0;
				TARGETED_DEVICE_FAMILY = 1;
			};
			name = Debug;
		};
		5CB7E5B0248A1C9700E31A2B /* Release */ = {
			isa = XCBuildConfiguration;
			baseConfigurationReference = 4A54247FA5734C8D917FD48F /* Pods-Le Baluchon.release.xcconfig */;
			buildSettings = {
				ASSETCATALOG_COMPILER_APPICON_NAME = AppIcon;
				CODE_SIGN_STYLE = Automatic;
				DEVELOPMENT_TEAM = NF2Q637UQ4;
				INFOPLIST_FILE = "Le Baluchon/Resources/Info.plist";
				IPHONEOS_DEPLOYMENT_TARGET = 12.0;
				LD_RUNPATH_SEARCH_PATHS = (
					"$(inherited)",
					"@executable_path/Frameworks",
				);
				PRODUCT_BUNDLE_IDENTIFIER = "com.mabayon.Le-Baluchon";
				PRODUCT_NAME = "$(TARGET_NAME)";
				SWIFT_VERSION = 5.0;
				TARGETED_DEVICE_FAMILY = 1;
			};
			name = Release;
		};
		5CB7E5B2248A1C9700E31A2B /* Debug */ = {
			isa = XCBuildConfiguration;
			baseConfigurationReference = 1117ACE71B770D7102B25A97 /* Pods-Le BaluchonTests.debug.xcconfig */;
			buildSettings = {
				ALWAYS_EMBED_SWIFT_STANDARD_LIBRARIES = YES;
				BUNDLE_LOADER = "$(TEST_HOST)";
				CLANG_ENABLE_MODULES = YES;
				CODE_SIGN_STYLE = Automatic;
				DEVELOPMENT_TEAM = NF2Q637UQ4;
				INFOPLIST_FILE = "Le BaluchonTests/Info.plist";
				IPHONEOS_DEPLOYMENT_TARGET = 12.0;
				LD_RUNPATH_SEARCH_PATHS = (
					"$(inherited)",
					"@executable_path/Frameworks",
					"@loader_path/Frameworks",
				);
				PRODUCT_BUNDLE_IDENTIFIER = "com.mabayon.Le-BaluchonTests";
				PRODUCT_NAME = "$(TARGET_NAME)";
				SWIFT_OPTIMIZATION_LEVEL = "-Onone";
				SWIFT_VERSION = 5.0;
				TARGETED_DEVICE_FAMILY = "1,2";
				TEST_HOST = "$(BUILT_PRODUCTS_DIR)/Le Baluchon.app/Le Baluchon";
			};
			name = Debug;
		};
		5CB7E5B3248A1C9700E31A2B /* Release */ = {
			isa = XCBuildConfiguration;
			baseConfigurationReference = 0D18558D45942C130D35BDB6 /* Pods-Le BaluchonTests.release.xcconfig */;
			buildSettings = {
				ALWAYS_EMBED_SWIFT_STANDARD_LIBRARIES = YES;
				BUNDLE_LOADER = "$(TEST_HOST)";
				CLANG_ENABLE_MODULES = YES;
				CODE_SIGN_STYLE = Automatic;
				DEVELOPMENT_TEAM = NF2Q637UQ4;
				INFOPLIST_FILE = "Le BaluchonTests/Info.plist";
				IPHONEOS_DEPLOYMENT_TARGET = 12.0;
				LD_RUNPATH_SEARCH_PATHS = (
					"$(inherited)",
					"@executable_path/Frameworks",
					"@loader_path/Frameworks",
				);
				PRODUCT_BUNDLE_IDENTIFIER = "com.mabayon.Le-BaluchonTests";
				PRODUCT_NAME = "$(TARGET_NAME)";
				SWIFT_VERSION = 5.0;
				TARGETED_DEVICE_FAMILY = "1,2";
				TEST_HOST = "$(BUILT_PRODUCTS_DIR)/Le Baluchon.app/Le Baluchon";
			};
			name = Release;
		};
/* End XCBuildConfiguration section */

/* Begin XCConfigurationList section */
		5CB7E58A248A1C9500E31A2B /* Build configuration list for PBXProject "Le Baluchon" */ = {
			isa = XCConfigurationList;
			buildConfigurations = (
				5CB7E5AC248A1C9700E31A2B /* Debug */,
				5CB7E5AD248A1C9700E31A2B /* Release */,
			);
			defaultConfigurationIsVisible = 0;
			defaultConfigurationName = Release;
		};
		5CB7E5AE248A1C9700E31A2B /* Build configuration list for PBXNativeTarget "Le Baluchon" */ = {
			isa = XCConfigurationList;
			buildConfigurations = (
				5CB7E5AF248A1C9700E31A2B /* Debug */,
				5CB7E5B0248A1C9700E31A2B /* Release */,
			);
			defaultConfigurationIsVisible = 0;
			defaultConfigurationName = Release;
		};
		5CB7E5B1248A1C9700E31A2B /* Build configuration list for PBXNativeTarget "Le BaluchonTests" */ = {
			isa = XCConfigurationList;
			buildConfigurations = (
				5CB7E5B2248A1C9700E31A2B /* Debug */,
				5CB7E5B3248A1C9700E31A2B /* Release */,
			);
			defaultConfigurationIsVisible = 0;
			defaultConfigurationName = Release;
		};
/* End XCConfigurationList section */
	};
	rootObject = 5CB7E587248A1C9500E31A2B /* Project object */;
}
